{
  "pins" : [
    {
      "identity" : "gigya-swift-sdk",
      "kind" : "remoteSourceControl",
      "location" : "https://github.com/SAP/gigya-swift-sdk.git",
      "state" : {
        "revision" : "a62dd8aa955a2739d7cbbd0220818000812364e0",
        "version" : "1.8.5"
      }
    }
  ],
  "version" : 2
}
