{
  "pins" : [
    {
      "identity" : "gigya-swift-sdk",
      "kind" : "remoteSourceControl",
      "location" : "https://github.com/SAP/gigya-swift-sdk.git",
      "state" : {
        "revision" : "6e994796fa0615323cec4bba3849ec1f5bdf009a",
        "version" : "1.6.0"
      }
    }
  ],
  "version" : 2
}
