{
  "pins" : [
    {
      "identity" : "gigya-swift-sdk",
      "kind" : "remoteSourceControl",
      "location" : "https://github.com/SAP/gigya-swift-sdk.git",
      "state" : {
        "revision" : "8f779cf6dd355376fee1ad91fdd0a93d2fc18721",
        "version" : "1.7.5"
      }
    }
  ],
  "version" : 2
}
