// !$*UTF8*$!
{
	archiveVersion = 1;
	classes = {
	};
	objectVersion = 55;
	objects = {

/* Begin PBXBuildFile section */
		0356FF99B0D7A0670E571A55 /* Pods_IntegrationDemo.framework in Frameworks */ = {isa = PBXBuildFile; fileRef = AC0DB5E650A1FE23B34D5B40 /* Pods_IntegrationDemo.framework */; };
		1158B32F2C076EF300149316 /* WelcomeView.swift in Sources */ = {isa = PBXBuildFile; fileRef = 1158B32E2C076EF300149316 /* WelcomeView.swift */; };
		1158B3302C076EF300149316 /* WelcomeView.swift in Sources */ = {isa = PBXBuildFile; fileRef = 1158B32E2C076EF300149316 /* WelcomeView.swift */; };
		1158B3312C076EF300149316 /* WelcomeView.swift in Sources */ = {isa = PBXBuildFile; fileRef = 1158B32E2C076EF300149316 /* WelcomeView.swift */; };
		116E48CE2CD4F18300F490A2 /* ProfileCollectionView.swift in Sources */ = {isa = PBXBuildFile; fileRef = 116E48CD2CD4F18300F490A2 /* ProfileCollectionView.swift */; };
		116E48CF2CD4F18300F490A2 /* ProfileCollectionView.swift in Sources */ = {isa = PBXBuildFile; fileRef = 116E48CD2CD4F18300F490A2 /* ProfileCollectionView.swift */; };
		116E48D02CD4F18300F490A2 /* ProfileCollectionView.swift in Sources */ = {isa = PBXBuildFile; fileRef = 116E48CD2CD4F18300F490A2 /* ProfileCollectionView.swift */; };
		116E48D32CD4F19600F490A2 /* ProfileCollectionViewModel.swift in Sources */ = {isa = PBXBuildFile; fileRef = 116E48D12CD4F19600F490A2 /* ProfileCollectionViewModel.swift */; };
		116E48D62CD4F34400F490A2 /* ProfileCollectionViewModel.swift in Sources */ = {isa = PBXBuildFile; fileRef = 116E48D52CD4F34400F490A2 /* ProfileCollectionViewModel.swift */; };
		116E48D82CD4F35300F490A2 /* ProfileCollectionViewModel.swift in Sources */ = {isa = PBXBuildFile; fileRef = 116E48D72CD4F35300F490A2 /* ProfileCollectionViewModel.swift */; };
		1170B15C2C661F9400389D07 /* Assets.xcassets in Resources */ = {isa = PBXBuildFile; fileRef = 16E2D82F290B019D00AF28E4 /* Assets.xcassets */; };
		1170B1602C6621DC00389D07 /* LoginViewController.swift in Sources */ = {isa = PBXBuildFile; fileRef = 1170B15F2C6621DC00389D07 /* LoginViewController.swift */; };
		118D894B2CA2E72A00FB7920 /* WelcomeViewModel.swift in Sources */ = {isa = PBXBuildFile; fileRef = 118D894A2CA2E72A00FB7920 /* WelcomeViewModel.swift */; };
		118D894D2CA2EC8300FB7920 /* FlowResult.swift in Sources */ = {isa = PBXBuildFile; fileRef = 118D894C2CA2EC8300FB7920 /* FlowResult.swift */; };
		118D894E2CA2EC8300FB7920 /* FlowResult.swift in Sources */ = {isa = PBXBuildFile; fileRef = 118D894C2CA2EC8300FB7920 /* FlowResult.swift */; };
		118D894F2CA2EC8300FB7920 /* FlowResult.swift in Sources */ = {isa = PBXBuildFile; fileRef = 118D894C2CA2EC8300FB7920 /* FlowResult.swift */; };
		118D89512CA30AB200FB7920 /* WelcomeViewModel.swift in Sources */ = {isa = PBXBuildFile; fileRef = 118D89502CA30AB200FB7920 /* WelcomeViewModel.swift */; };
		118D89532CA30C7200FB7920 /* WelcomeViewModel.swift in Sources */ = {isa = PBXBuildFile; fileRef = 118D89522CA30C7200FB7920 /* WelcomeViewModel.swift */; };
		11E6C54A2C11F7100074B747 /* AccountViewModel.swift in Sources */ = {isa = PBXBuildFile; fileRef = 11E6C5492C11F7100074B747 /* AccountViewModel.swift */; };
		11E6C54B2C1201200074B747 /* BlueButton.swift in Sources */ = {isa = PBXBuildFile; fileRef = CE3686E42BF50DCC007BF445 /* BlueButton.swift */; };
		11E6C54C2C1201880074B747 /* HeaderView.swift in Sources */ = {isa = PBXBuildFile; fileRef = CE3686DA2BF4E8BE007BF445 /* HeaderView.swift */; };
		11E6C54D2C12027A0074B747 /* Assets.xcassets in Resources */ = {isa = PBXBuildFile; fileRef = 16E2D82F290B019D00AF28E4 /* Assets.xcassets */; };
		11E6C54F2C1209FE0074B747 /* AccountViewController.swift in Sources */ = {isa = PBXBuildFile; fileRef = 11E6C54E2C1209FE0074B747 /* AccountViewController.swift */; };
		11F543002D8B22CD00E6EAFA /* GoogleProvider.swift in Sources */ = {isa = PBXBuildFile; fileRef = 11F542FF2D8B22CD00E6EAFA /* GoogleProvider.swift */; };
		11F543012D8B22CD00E6EAFA /* GoogleProvider.swift in Sources */ = {isa = PBXBuildFile; fileRef = 11F542FF2D8B22CD00E6EAFA /* GoogleProvider.swift */; };
		11F543022D8B22CD00E6EAFA /* GoogleProvider.swift in Sources */ = {isa = PBXBuildFile; fileRef = 11F542FF2D8B22CD00E6EAFA /* GoogleProvider.swift */; };
		161C4794290AE9E30014D737 /* LogInViewModel.swift in Sources */ = {isa = PBXBuildFile; fileRef = 161C477B290AE9E30014D737 /* LogInViewModel.swift */; };
		161C4795290AE9E30014D737 /* LogInView.swift in Sources */ = {isa = PBXBuildFile; fileRef = 161C477C290AE9E30014D737 /* LogInView.swift */; };
		161C4796290AE9E30014D737 /* ScreenSetsView.swift in Sources */ = {isa = PBXBuildFile; fileRef = 161C477D290AE9E30014D737 /* ScreenSetsView.swift */; };
		161C4797290AE9E30014D737 /* Readme.md in Resources */ = {isa = PBXBuildFile; fileRef = 161C477E290AE9E30014D737 /* Readme.md */; };
		161C4799290AE9E30014D737 /* Assets.xcassets in Resources */ = {isa = PBXBuildFile; fileRef = 161C4781290AE9E30014D737 /* Assets.xcassets */; };
		161C479A290AE9E30014D737 /* Preview Assets.xcassets in Resources */ = {isa = PBXBuildFile; fileRef = 161C4783290AE9E30014D737 /* Preview Assets.xcassets */; };
		161C47A2290AE9E30014D737 /* DemoApp.swift in Sources */ = {isa = PBXBuildFile; fileRef = 161C4793290AE9E30014D737 /* DemoApp.swift */; };
		163998D229104EC5003087CD /* OwnIDConfiguration.plist in Resources */ = {isa = PBXBuildFile; fileRef = 163998D129104EC5003087CD /* OwnIDConfiguration.plist */; };
		1662AD63291048DB0071894C /* AppDelegate.swift in Sources */ = {isa = PBXBuildFile; fileRef = 1662AD62291048DB0071894C /* AppDelegate.swift */; };
		1662AD67291048DB0071894C /* RegisterViewController.swift in Sources */ = {isa = PBXBuildFile; fileRef = 1662AD66291048DB0071894C /* RegisterViewController.swift */; };
		1662AD6A291048DB0071894C /* Main.storyboard in Resources */ = {isa = PBXBuildFile; fileRef = 1662AD68291048DB0071894C /* Main.storyboard */; };
		1662AD6C291048DC0071894C /* Assets.xcassets in Resources */ = {isa = PBXBuildFile; fileRef = 1662AD6B291048DC0071894C /* Assets.xcassets */; };
		16C89BF6290F8DCA00F5FE09 /* OwnIDConfiguration.plist in Resources */ = {isa = PBXBuildFile; fileRef = 16C89BF5290F8DCA00F5FE09 /* OwnIDConfiguration.plist */; };
		16E2D82C290B019D00AF28E4 /* GigyaDemoApp.swift in Sources */ = {isa = PBXBuildFile; fileRef = 16E2D82B290B019D00AF28E4 /* GigyaDemoApp.swift */; };
		16E2D830290B019D00AF28E4 /* Assets.xcassets in Resources */ = {isa = PBXBuildFile; fileRef = 16E2D82F290B019D00AF28E4 /* Assets.xcassets */; };
		16E2D833290B019D00AF28E4 /* Preview Assets.xcassets in Resources */ = {isa = PBXBuildFile; fileRef = 16E2D832290B019D00AF28E4 /* Preview Assets.xcassets */; };
		16E3575E290C074C0059B5A2 /* LogInView.swift in Sources */ = {isa = PBXBuildFile; fileRef = 16E35759290C074B0059B5A2 /* LogInView.swift */; };
		16E3575F290C074C0059B5A2 /* LogInViewModel.swift in Sources */ = {isa = PBXBuildFile; fileRef = 16E3575A290C074B0059B5A2 /* LogInViewModel.swift */; };
		16E35761290C074C0059B5A2 /* RegisterViewModel.swift in Sources */ = {isa = PBXBuildFile; fileRef = 16E3575C290C074C0059B5A2 /* RegisterViewModel.swift */; };
		16E35762290C074C0059B5A2 /* RegisterView.swift in Sources */ = {isa = PBXBuildFile; fileRef = 16E3575D290C074C0059B5A2 /* RegisterView.swift */; };
		7FA502B6B07AD91D8A4376B3 /* Pods_DirectDemo.framework in Frameworks */ = {isa = PBXBuildFile; fileRef = 6FBDF2EE9C8DF640E4FF41F4 /* Pods_DirectDemo.framework */; };
		A5321182682B6CDF826869DA /* Pods_UIKitInjectionDemo.framework in Frameworks */ = {isa = PBXBuildFile; fileRef = 57C735FC6C41DA2125762B5F /* Pods_UIKitInjectionDemo.framework */; };
		BA5852DB03A0F7A3FA41728D /* Pods_ScreensetsDemo.framework in Frameworks */ = {isa = PBXBuildFile; fileRef = D1D58353FA3894B92CDB1672 /* Pods_ScreensetsDemo.framework */; };
		CE1DC0932B9F296000CF321D /* DirectDemoApp.swift in Sources */ = {isa = PBXBuildFile; fileRef = CE1DC0922B9F296000CF321D /* DirectDemoApp.swift */; };
		CE1DC0972B9F296300CF321D /* Assets.xcassets in Resources */ = {isa = PBXBuildFile; fileRef = CE1DC0962B9F296300CF321D /* Assets.xcassets */; };
		CE1DC09A2B9F296300CF321D /* Preview Assets.xcassets in Resources */ = {isa = PBXBuildFile; fileRef = CE1DC0992B9F296300CF321D /* Preview Assets.xcassets */; };
		CE1DC0A12B9F424D00CF321D /* LogInView.swift in Sources */ = {isa = PBXBuildFile; fileRef = CE1DC0A02B9F424D00CF321D /* LogInView.swift */; };
		CE1DC0A32B9F425800CF321D /* LogInViewModel.swift in Sources */ = {isa = PBXBuildFile; fileRef = CE1DC0A22B9F425800CF321D /* LogInViewModel.swift */; };
		CE1DC0A52B9F426F00CF321D /* RegisterView.swift in Sources */ = {isa = PBXBuildFile; fileRef = CE1DC0A42B9F426F00CF321D /* RegisterView.swift */; };
		CE1DC0A72B9F427D00CF321D /* RegisterViewModel.swift in Sources */ = {isa = PBXBuildFile; fileRef = CE1DC0A62B9F427D00CF321D /* RegisterViewModel.swift */; };
		CE1DC0A92B9F428D00CF321D /* AccountView.swift in Sources */ = {isa = PBXBuildFile; fileRef = CE1DC0A82B9F428D00CF321D /* AccountView.swift */; };
		CE1DC0AB2B9F4C5F00CF321D /* OwnIDConfiguration.plist in Resources */ = {isa = PBXBuildFile; fileRef = CE1DC0AA2B9F4C5F00CF321D /* OwnIDConfiguration.plist */; };
		CE1DC0AE2B9F4CE600CF321D /* AuthSystem.swift in Sources */ = {isa = PBXBuildFile; fileRef = CE1DC0AD2B9F4CE600CF321D /* AuthSystem.swift */; };
		CE3686D72BF4E897007BF445 /* AppState.swift in Sources */ = {isa = PBXBuildFile; fileRef = CE3686D62BF4E897007BF445 /* AppState.swift */; };
		CE3686D92BF4E8AE007BF445 /* AppCoordinatorView.swift in Sources */ = {isa = PBXBuildFile; fileRef = CE3686D82BF4E8AE007BF445 /* AppCoordinatorView.swift */; };
		CE3686DB2BF4E8BE007BF445 /* HeaderView.swift in Sources */ = {isa = PBXBuildFile; fileRef = CE3686DA2BF4E8BE007BF445 /* HeaderView.swift */; };
		CE3686DF2BF4E988007BF445 /* AppCoordinator.swift in Sources */ = {isa = PBXBuildFile; fileRef = CE3686DE2BF4E988007BF445 /* AppCoordinator.swift */; };
		CE3686E52BF50DCC007BF445 /* BlueButton.swift in Sources */ = {isa = PBXBuildFile; fileRef = CE3686E42BF50DCC007BF445 /* BlueButton.swift */; };
		CE7879512B1746DC00FA098D /* AccountView.swift in Sources */ = {isa = PBXBuildFile; fileRef = 16E35752290BE3180059B5A2 /* AccountView.swift */; };
		CEA108172BF5F31700AD90E4 /* AppCoordinator.swift in Sources */ = {isa = PBXBuildFile; fileRef = CE3686DE2BF4E988007BF445 /* AppCoordinator.swift */; };
		CEA108182BF5F31800AD90E4 /* AppCoordinator.swift in Sources */ = {isa = PBXBuildFile; fileRef = CE3686DE2BF4E988007BF445 /* AppCoordinator.swift */; };
		CEA108192BF5F31B00AD90E4 /* AppCoordinatorView.swift in Sources */ = {isa = PBXBuildFile; fileRef = CE3686D82BF4E8AE007BF445 /* AppCoordinatorView.swift */; };
		CEA1081A2BF5F31B00AD90E4 /* AppCoordinatorView.swift in Sources */ = {isa = PBXBuildFile; fileRef = CE3686D82BF4E8AE007BF445 /* AppCoordinatorView.swift */; };
		CEA1081B2BF5F31D00AD90E4 /* AppState.swift in Sources */ = {isa = PBXBuildFile; fileRef = CE3686D62BF4E897007BF445 /* AppState.swift */; };
		CEA1081C2BF5F31E00AD90E4 /* AppState.swift in Sources */ = {isa = PBXBuildFile; fileRef = CE3686D62BF4E897007BF445 /* AppState.swift */; };
		CEA1081D2BF5F32B00AD90E4 /* HeaderView.swift in Sources */ = {isa = PBXBuildFile; fileRef = CE3686DA2BF4E8BE007BF445 /* HeaderView.swift */; };
		CEA1081E2BF5F32B00AD90E4 /* HeaderView.swift in Sources */ = {isa = PBXBuildFile; fileRef = CE3686DA2BF4E8BE007BF445 /* HeaderView.swift */; };
		CEA108232BF5F82100AD90E4 /* Assets.xcassets in Resources */ = {isa = PBXBuildFile; fileRef = 16E2D82F290B019D00AF28E4 /* Assets.xcassets */; };
		CEA108242BF5F82200AD90E4 /* Assets.xcassets in Resources */ = {isa = PBXBuildFile; fileRef = 16E2D82F290B019D00AF28E4 /* Assets.xcassets */; };
		CEA108272BF5F89100AD90E4 /* ViewExtensions.swift in Sources */ = {isa = PBXBuildFile; fileRef = CEA108252BF5F88800AD90E4 /* ViewExtensions.swift */; };
		CEA108282BF5F89100AD90E4 /* ViewExtensions.swift in Sources */ = {isa = PBXBuildFile; fileRef = CEA108252BF5F88800AD90E4 /* ViewExtensions.swift */; };
		CEA108292BF5F98200AD90E4 /* ViewExtensions.swift in Sources */ = {isa = PBXBuildFile; fileRef = CEA108252BF5F88800AD90E4 /* ViewExtensions.swift */; };
		CEA1082A2BF5FB5E00AD90E4 /* BlueButton.swift in Sources */ = {isa = PBXBuildFile; fileRef = CE3686E42BF50DCC007BF445 /* BlueButton.swift */; };
		CEA1082B2BF5FB5F00AD90E4 /* BlueButton.swift in Sources */ = {isa = PBXBuildFile; fileRef = CE3686E42BF50DCC007BF445 /* BlueButton.swift */; };
		CEB907CE2B4D969300C8966B /* IntegrationDemoApp.swift in Sources */ = {isa = PBXBuildFile; fileRef = CEB907CD2B4D969300C8966B /* IntegrationDemoApp.swift */; };
		CEB907D22B4D969500C8966B /* Assets.xcassets in Resources */ = {isa = PBXBuildFile; fileRef = CEB907D12B4D969500C8966B /* Assets.xcassets */; };
		CEB907D52B4D969500C8966B /* Preview Assets.xcassets in Resources */ = {isa = PBXBuildFile; fileRef = CEB907D42B4D969500C8966B /* Preview Assets.xcassets */; };
		CEB907DC2B4D9BC600C8966B /* LogInView.swift in Sources */ = {isa = PBXBuildFile; fileRef = CEB907DB2B4D9BC600C8966B /* LogInView.swift */; };
		CEB907DE2B4D9BF000C8966B /* LogInViewModel.swift in Sources */ = {isa = PBXBuildFile; fileRef = CEB907DD2B4D9BF000C8966B /* LogInViewModel.swift */; };
		CEB907E02B4D9C0A00C8966B /* RegisterView.swift in Sources */ = {isa = PBXBuildFile; fileRef = CEB907DF2B4D9C0A00C8966B /* RegisterView.swift */; };
		CEB907E22B4D9C2100C8966B /* RegisterViewModel.swift in Sources */ = {isa = PBXBuildFile; fileRef = CEB907E12B4D9C2100C8966B /* RegisterViewModel.swift */; };
		CEB907E42B4D9D8C00C8966B /* CustomAuthSystem.swift in Sources */ = {isa = PBXBuildFile; fileRef = CEB907E32B4D9D8C00C8966B /* CustomAuthSystem.swift */; };
		CEB907E62B4DA08A00C8966B /* AuthPerformer.swift in Sources */ = {isa = PBXBuildFile; fileRef = CEB907E52B4DA08A00C8966B /* AuthPerformer.swift */; };
		CEB907E92B4DA32000C8966B /* AccountView.swift in Sources */ = {isa = PBXBuildFile; fileRef = CEB907E82B4DA32000C8966B /* AccountView.swift */; };
		CEDD45672B4DA52400C8ACF7 /* OwnIDConfiguration.plist in Resources */ = {isa = PBXBuildFile; fileRef = CEDD45662B4DA52400C8ACF7 /* OwnIDConfiguration.plist */; };
		CEDD456B2B4DBEB800C8ACF7 /* AccountView.swift in Sources */ = {isa = PBXBuildFile; fileRef = CEDD456A2B4DBEB800C8ACF7 /* AccountView.swift */; };
		D85632A5688B37CF6B6FC1CA /* Pods_GigyaDemo.framework in Frameworks */ = {isa = PBXBuildFile; fileRef = 61EE6B6AA3FED99C11B993E1 /* Pods_GigyaDemo.framework */; };
/* End PBXBuildFile section */

/* Begin PBXCopyFilesBuildPhase section */
		167C7CEF290FD864008D047B /* Embed Frameworks */ = {
			isa = PBXCopyFilesBuildPhase;
			buildActionMask = 2147483647;
			dstPath = "";
			dstSubfolderSpec = 10;
			files = (
			);
			name = "Embed Frameworks";
			runOnlyForDeploymentPostprocessing = 0;
		};
		16E35767290C07670059B5A2 /* Embed Frameworks */ = {
			isa = PBXCopyFilesBuildPhase;
			buildActionMask = 2147483647;
			dstPath = "";
			dstSubfolderSpec = 10;
			files = (
			);
			name = "Embed Frameworks";
			runOnlyForDeploymentPostprocessing = 0;
		};
/* End PBXCopyFilesBuildPhase section */

/* Begin PBXFileReference section */
		024B20E32AC8C86E4353CF1D /* Pods-UIKitInjectionDemo.release.xcconfig */ = {isa = PBXFileReference; includeInIndex = 1; lastKnownFileType = text.xcconfig; name = "Pods-UIKitInjectionDemo.release.xcconfig"; path = "Target Support Files/Pods-UIKitInjectionDemo/Pods-UIKitInjectionDemo.release.xcconfig"; sourceTree = "<group>"; };
		048BC4A082ECB82876A2F40F /* Pods-ScreensetsDemo.debug.xcconfig */ = {isa = PBXFileReference; includeInIndex = 1; lastKnownFileType = text.xcconfig; name = "Pods-ScreensetsDemo.debug.xcconfig"; path = "Target Support Files/Pods-ScreensetsDemo/Pods-ScreensetsDemo.debug.xcconfig"; sourceTree = "<group>"; };
		1158B32E2C076EF300149316 /* WelcomeView.swift */ = {isa = PBXFileReference; lastKnownFileType = sourcecode.swift; path = WelcomeView.swift; sourceTree = "<group>"; };
		116E48CD2CD4F18300F490A2 /* ProfileCollectionView.swift */ = {isa = PBXFileReference; lastKnownFileType = sourcecode.swift; path = ProfileCollectionView.swift; sourceTree = "<group>"; };
		116E48D12CD4F19600F490A2 /* ProfileCollectionViewModel.swift */ = {isa = PBXFileReference; lastKnownFileType = sourcecode.swift; path = ProfileCollectionViewModel.swift; sourceTree = "<group>"; };
		116E48D52CD4F34400F490A2 /* ProfileCollectionViewModel.swift */ = {isa = PBXFileReference; lastKnownFileType = sourcecode.swift; path = ProfileCollectionViewModel.swift; sourceTree = "<group>"; };
		116E48D72CD4F35300F490A2 /* ProfileCollectionViewModel.swift */ = {isa = PBXFileReference; lastKnownFileType = sourcecode.swift; path = ProfileCollectionViewModel.swift; sourceTree = "<group>"; };
		1170B15F2C6621DC00389D07 /* LoginViewController.swift */ = {isa = PBXFileReference; lastKnownFileType = sourcecode.swift; path = LoginViewController.swift; sourceTree = "<group>"; };
		118D894A2CA2E72A00FB7920 /* WelcomeViewModel.swift */ = {isa = PBXFileReference; lastKnownFileType = sourcecode.swift; path = WelcomeViewModel.swift; sourceTree = "<group>"; };
		118D894C2CA2EC8300FB7920 /* FlowResult.swift */ = {isa = PBXFileReference; lastKnownFileType = sourcecode.swift; path = FlowResult.swift; sourceTree = "<group>"; };
		118D89502CA30AB200FB7920 /* WelcomeViewModel.swift */ = {isa = PBXFileReference; lastKnownFileType = sourcecode.swift; path = WelcomeViewModel.swift; sourceTree = "<group>"; };
		118D89522CA30C7200FB7920 /* WelcomeViewModel.swift */ = {isa = PBXFileReference; lastKnownFileType = sourcecode.swift; path = WelcomeViewModel.swift; sourceTree = "<group>"; };
		11E6C5492C11F7100074B747 /* AccountViewModel.swift */ = {isa = PBXFileReference; lastKnownFileType = sourcecode.swift; path = AccountViewModel.swift; sourceTree = "<group>"; };
		11E6C54E2C1209FE0074B747 /* AccountViewController.swift */ = {isa = PBXFileReference; lastKnownFileType = sourcecode.swift; path = AccountViewController.swift; sourceTree = "<group>"; };
		11F542FF2D8B22CD00E6EAFA /* GoogleProvider.swift */ = {isa = PBXFileReference; lastKnownFileType = sourcecode.swift; path = GoogleProvider.swift; sourceTree = "<group>"; };
		161C475A290AE94F0014D737 /* ScreensetsDemo.app */ = {isa = PBXFileReference; explicitFileType = wrapper.application; includeInIndex = 0; path = ScreensetsDemo.app; sourceTree = BUILT_PRODUCTS_DIR; };
		161C477B290AE9E30014D737 /* LogInViewModel.swift */ = {isa = PBXFileReference; fileEncoding = 4; lastKnownFileType = sourcecode.swift; path = LogInViewModel.swift; sourceTree = "<group>"; };
		161C477C290AE9E30014D737 /* LogInView.swift */ = {isa = PBXFileReference; fileEncoding = 4; lastKnownFileType = sourcecode.swift; path = LogInView.swift; sourceTree = "<group>"; };
		161C477D290AE9E30014D737 /* ScreenSetsView.swift */ = {isa = PBXFileReference; fileEncoding = 4; lastKnownFileType = sourcecode.swift; path = ScreenSetsView.swift; sourceTree = "<group>"; };
		161C477E290AE9E30014D737 /* Readme.md */ = {isa = PBXFileReference; fileEncoding = 4; lastKnownFileType = net.daringfireball.markdown; path = Readme.md; sourceTree = "<group>"; };
		161C4781290AE9E30014D737 /* Assets.xcassets */ = {isa = PBXFileReference; lastKnownFileType = folder.assetcatalog; path = Assets.xcassets; sourceTree = "<group>"; };
		161C4783290AE9E30014D737 /* Preview Assets.xcassets */ = {isa = PBXFileReference; lastKnownFileType = folder.assetcatalog; path = "Preview Assets.xcassets"; sourceTree = "<group>"; };
		161C4793290AE9E30014D737 /* DemoApp.swift */ = {isa = PBXFileReference; fileEncoding = 4; lastKnownFileType = sourcecode.swift; path = DemoApp.swift; sourceTree = "<group>"; };
		163998D129104EC5003087CD /* OwnIDConfiguration.plist */ = {isa = PBXFileReference; fileEncoding = 4; lastKnownFileType = text.plist.xml; path = OwnIDConfiguration.plist; sourceTree = "<group>"; };
		164572BB296CA796002EE650 /* SampleCode.xcconfig */ = {isa = PBXFileReference; lastKnownFileType = text.xcconfig; path = SampleCode.xcconfig; sourceTree = "<group>"; };
		164572BC296CA7A4002EE650 /* SampleCode.xcconfig */ = {isa = PBXFileReference; lastKnownFileType = text.xcconfig; path = SampleCode.xcconfig; sourceTree = "<group>"; };
		164572BE296CA7BB002EE650 /* SampleCode.xcconfig */ = {isa = PBXFileReference; lastKnownFileType = text.xcconfig; path = SampleCode.xcconfig; sourceTree = "<group>"; };
		16520AC4290AEE3500E7D1E7 /* Info.plist */ = {isa = PBXFileReference; fileEncoding = 4; lastKnownFileType = text.plist.xml; path = Info.plist; sourceTree = "<group>"; };
		1662AD60291048DB0071894C /* UIKitInjectionDemo.app */ = {isa = PBXFileReference; explicitFileType = wrapper.application; includeInIndex = 0; path = UIKitInjectionDemo.app; sourceTree = BUILT_PRODUCTS_DIR; };
		1662AD62291048DB0071894C /* AppDelegate.swift */ = {isa = PBXFileReference; lastKnownFileType = sourcecode.swift; path = AppDelegate.swift; sourceTree = "<group>"; };
		1662AD66291048DB0071894C /* RegisterViewController.swift */ = {isa = PBXFileReference; lastKnownFileType = sourcecode.swift; path = RegisterViewController.swift; sourceTree = "<group>"; };
		1662AD69291048DB0071894C /* Base */ = {isa = PBXFileReference; lastKnownFileType = file.storyboard; name = Base; path = Base.lproj/Main.storyboard; sourceTree = "<group>"; };
		1662AD6B291048DC0071894C /* Assets.xcassets */ = {isa = PBXFileReference; lastKnownFileType = folder.assetcatalog; path = Assets.xcassets; sourceTree = "<group>"; };
		1662AD70291048DC0071894C /* Info.plist */ = {isa = PBXFileReference; lastKnownFileType = text.plist.xml; path = Info.plist; sourceTree = "<group>"; };
		16C89BF5290F8DCA00F5FE09 /* OwnIDConfiguration.plist */ = {isa = PBXFileReference; fileEncoding = 4; lastKnownFileType = text.plist.xml; path = OwnIDConfiguration.plist; sourceTree = "<group>"; };
		16E2D829290B019D00AF28E4 /* GigyaDemo.app */ = {isa = PBXFileReference; explicitFileType = wrapper.application; includeInIndex = 0; path = GigyaDemo.app; sourceTree = BUILT_PRODUCTS_DIR; };
		16E2D82B290B019D00AF28E4 /* GigyaDemoApp.swift */ = {isa = PBXFileReference; lastKnownFileType = sourcecode.swift; path = GigyaDemoApp.swift; sourceTree = "<group>"; };
		16E2D82F290B019D00AF28E4 /* Assets.xcassets */ = {isa = PBXFileReference; lastKnownFileType = folder.assetcatalog; path = Assets.xcassets; sourceTree = "<group>"; };
		16E2D832290B019D00AF28E4 /* Preview Assets.xcassets */ = {isa = PBXFileReference; lastKnownFileType = folder.assetcatalog; path = "Preview Assets.xcassets"; sourceTree = "<group>"; };
		16E35752290BE3180059B5A2 /* AccountView.swift */ = {isa = PBXFileReference; lastKnownFileType = sourcecode.swift; path = AccountView.swift; sourceTree = "<group>"; };
		16E35759290C074B0059B5A2 /* LogInView.swift */ = {isa = PBXFileReference; fileEncoding = 4; lastKnownFileType = sourcecode.swift; path = LogInView.swift; sourceTree = "<group>"; };
		16E3575A290C074B0059B5A2 /* LogInViewModel.swift */ = {isa = PBXFileReference; fileEncoding = 4; lastKnownFileType = sourcecode.swift; path = LogInViewModel.swift; sourceTree = "<group>"; };
		16E3575C290C074C0059B5A2 /* RegisterViewModel.swift */ = {isa = PBXFileReference; fileEncoding = 4; lastKnownFileType = sourcecode.swift; path = RegisterViewModel.swift; sourceTree = "<group>"; };
		16E3575D290C074C0059B5A2 /* RegisterView.swift */ = {isa = PBXFileReference; fileEncoding = 4; lastKnownFileType = sourcecode.swift; path = RegisterView.swift; sourceTree = "<group>"; };
		16FCA8A0290B040E00CF6E82 /* Info.plist */ = {isa = PBXFileReference; lastKnownFileType = text.plist; path = Info.plist; sourceTree = "<group>"; };
		50850180902637421D7D391C /* Pods-IntegrationDemo.release.xcconfig */ = {isa = PBXFileReference; includeInIndex = 1; lastKnownFileType = text.xcconfig; name = "Pods-IntegrationDemo.release.xcconfig"; path = "Target Support Files/Pods-IntegrationDemo/Pods-IntegrationDemo.release.xcconfig"; sourceTree = "<group>"; };
		523AEC3D513B4C151FC3044E /* Pods-UIKitInjectionDemo.debug.xcconfig */ = {isa = PBXFileReference; includeInIndex = 1; lastKnownFileType = text.xcconfig; name = "Pods-UIKitInjectionDemo.debug.xcconfig"; path = "Target Support Files/Pods-UIKitInjectionDemo/Pods-UIKitInjectionDemo.debug.xcconfig"; sourceTree = "<group>"; };
		57BC0F8BA51DB6BF9B17A610 /* Pods-GigyaDemo.debug.xcconfig */ = {isa = PBXFileReference; includeInIndex = 1; lastKnownFileType = text.xcconfig; name = "Pods-GigyaDemo.debug.xcconfig"; path = "Target Support Files/Pods-GigyaDemo/Pods-GigyaDemo.debug.xcconfig"; sourceTree = "<group>"; };
		57C735FC6C41DA2125762B5F /* Pods_UIKitInjectionDemo.framework */ = {isa = PBXFileReference; explicitFileType = wrapper.framework; includeInIndex = 0; path = Pods_UIKitInjectionDemo.framework; sourceTree = BUILT_PRODUCTS_DIR; };
		61EE6B6AA3FED99C11B993E1 /* Pods_GigyaDemo.framework */ = {isa = PBXFileReference; explicitFileType = wrapper.framework; includeInIndex = 0; path = Pods_GigyaDemo.framework; sourceTree = BUILT_PRODUCTS_DIR; };
		6FBDF2EE9C8DF640E4FF41F4 /* Pods_DirectDemo.framework */ = {isa = PBXFileReference; explicitFileType = wrapper.framework; includeInIndex = 0; path = Pods_DirectDemo.framework; sourceTree = BUILT_PRODUCTS_DIR; };
		80911C66B3A604783EE2A5DC /* Pods-ScreensetsDemo.release.xcconfig */ = {isa = PBXFileReference; includeInIndex = 1; lastKnownFileType = text.xcconfig; name = "Pods-ScreensetsDemo.release.xcconfig"; path = "Target Support Files/Pods-ScreensetsDemo/Pods-ScreensetsDemo.release.xcconfig"; sourceTree = "<group>"; };
		8126AE550F9C3ACD478BC246 /* Pods-IntegrationDemo.debug.xcconfig */ = {isa = PBXFileReference; includeInIndex = 1; lastKnownFileType = text.xcconfig; name = "Pods-IntegrationDemo.debug.xcconfig"; path = "Target Support Files/Pods-IntegrationDemo/Pods-IntegrationDemo.debug.xcconfig"; sourceTree = "<group>"; };
		82E7F9390CB1FE8C5C5FE14B /* Pods-DirectDemo.debug.xcconfig */ = {isa = PBXFileReference; includeInIndex = 1; lastKnownFileType = text.xcconfig; name = "Pods-DirectDemo.debug.xcconfig"; path = "Target Support Files/Pods-DirectDemo/Pods-DirectDemo.debug.xcconfig"; sourceTree = "<group>"; };
		85A36729CB8BE4E8A7344080 /* Pods-GigyaDemo.release.xcconfig */ = {isa = PBXFileReference; includeInIndex = 1; lastKnownFileType = text.xcconfig; name = "Pods-GigyaDemo.release.xcconfig"; path = "Target Support Files/Pods-GigyaDemo/Pods-GigyaDemo.release.xcconfig"; sourceTree = "<group>"; };
		983E392344AAB311702B3BDE /* Pods-DirectDemo.release.xcconfig */ = {isa = PBXFileReference; includeInIndex = 1; lastKnownFileType = text.xcconfig; name = "Pods-DirectDemo.release.xcconfig"; path = "Target Support Files/Pods-DirectDemo/Pods-DirectDemo.release.xcconfig"; sourceTree = "<group>"; };
		AC0DB5E650A1FE23B34D5B40 /* Pods_IntegrationDemo.framework */ = {isa = PBXFileReference; explicitFileType = wrapper.framework; includeInIndex = 0; path = Pods_IntegrationDemo.framework; sourceTree = BUILT_PRODUCTS_DIR; };
		CE1DC0902B9F296000CF321D /* DirectDemo.app */ = {isa = PBXFileReference; explicitFileType = wrapper.application; includeInIndex = 0; path = DirectDemo.app; sourceTree = BUILT_PRODUCTS_DIR; };
		CE1DC0922B9F296000CF321D /* DirectDemoApp.swift */ = {isa = PBXFileReference; lastKnownFileType = sourcecode.swift; path = DirectDemoApp.swift; sourceTree = "<group>"; };
		CE1DC0962B9F296300CF321D /* Assets.xcassets */ = {isa = PBXFileReference; lastKnownFileType = folder.assetcatalog; path = Assets.xcassets; sourceTree = "<group>"; };
		CE1DC0992B9F296300CF321D /* Preview Assets.xcassets */ = {isa = PBXFileReference; lastKnownFileType = folder.assetcatalog; path = "Preview Assets.xcassets"; sourceTree = "<group>"; };
		CE1DC0A02B9F424D00CF321D /* LogInView.swift */ = {isa = PBXFileReference; lastKnownFileType = sourcecode.swift; path = LogInView.swift; sourceTree = "<group>"; };
		CE1DC0A22B9F425800CF321D /* LogInViewModel.swift */ = {isa = PBXFileReference; lastKnownFileType = sourcecode.swift; path = LogInViewModel.swift; sourceTree = "<group>"; };
		CE1DC0A42B9F426F00CF321D /* RegisterView.swift */ = {isa = PBXFileReference; lastKnownFileType = sourcecode.swift; path = RegisterView.swift; sourceTree = "<group>"; };
		CE1DC0A62B9F427D00CF321D /* RegisterViewModel.swift */ = {isa = PBXFileReference; lastKnownFileType = sourcecode.swift; path = RegisterViewModel.swift; sourceTree = "<group>"; };
		CE1DC0A82B9F428D00CF321D /* AccountView.swift */ = {isa = PBXFileReference; lastKnownFileType = sourcecode.swift; path = AccountView.swift; sourceTree = "<group>"; };
		CE1DC0AA2B9F4C5F00CF321D /* OwnIDConfiguration.plist */ = {isa = PBXFileReference; fileEncoding = 4; lastKnownFileType = text.plist.xml; path = OwnIDConfiguration.plist; sourceTree = "<group>"; };
		CE1DC0AC2B9F4C8100CF321D /* DirectDemo.entitlements */ = {isa = PBXFileReference; lastKnownFileType = text.plist.entitlements; path = DirectDemo.entitlements; sourceTree = "<group>"; };
		CE1DC0AD2B9F4CE600CF321D /* AuthSystem.swift */ = {isa = PBXFileReference; lastKnownFileType = sourcecode.swift; path = AuthSystem.swift; sourceTree = "<group>"; };
		CE3686D62BF4E897007BF445 /* AppState.swift */ = {isa = PBXFileReference; lastKnownFileType = sourcecode.swift; path = AppState.swift; sourceTree = "<group>"; };
		CE3686D82BF4E8AE007BF445 /* AppCoordinatorView.swift */ = {isa = PBXFileReference; lastKnownFileType = sourcecode.swift; path = AppCoordinatorView.swift; sourceTree = "<group>"; };
		CE3686DA2BF4E8BE007BF445 /* HeaderView.swift */ = {isa = PBXFileReference; lastKnownFileType = sourcecode.swift; path = HeaderView.swift; sourceTree = "<group>"; };
		CE3686DE2BF4E988007BF445 /* AppCoordinator.swift */ = {isa = PBXFileReference; lastKnownFileType = sourcecode.swift; path = AppCoordinator.swift; sourceTree = "<group>"; };
		CE3686E42BF50DCC007BF445 /* BlueButton.swift */ = {isa = PBXFileReference; lastKnownFileType = sourcecode.swift; path = BlueButton.swift; sourceTree = "<group>"; };
		CE78794F2B172CD900FA098D /* GigyaDemo.entitlements */ = {isa = PBXFileReference; lastKnownFileType = text.plist.entitlements; path = GigyaDemo.entitlements; sourceTree = "<group>"; };
		CE7879532B178F2700FA098D /* UIKitInjectionDemo.entitlements */ = {isa = PBXFileReference; lastKnownFileType = text.plist.entitlements; path = UIKitInjectionDemo.entitlements; sourceTree = "<group>"; };
		CEA108252BF5F88800AD90E4 /* ViewExtensions.swift */ = {isa = PBXFileReference; lastKnownFileType = sourcecode.swift; path = ViewExtensions.swift; sourceTree = "<group>"; };
		CEB907CB2B4D969200C8966B /* IntegrationDemo.app */ = {isa = PBXFileReference; explicitFileType = wrapper.application; includeInIndex = 0; path = IntegrationDemo.app; sourceTree = BUILT_PRODUCTS_DIR; };
		CEB907CD2B4D969300C8966B /* IntegrationDemoApp.swift */ = {isa = PBXFileReference; lastKnownFileType = sourcecode.swift; path = IntegrationDemoApp.swift; sourceTree = "<group>"; };
		CEB907D12B4D969500C8966B /* Assets.xcassets */ = {isa = PBXFileReference; lastKnownFileType = folder.assetcatalog; path = Assets.xcassets; sourceTree = "<group>"; };
		CEB907D42B4D969500C8966B /* Preview Assets.xcassets */ = {isa = PBXFileReference; lastKnownFileType = folder.assetcatalog; path = "Preview Assets.xcassets"; sourceTree = "<group>"; };
		CEB907DB2B4D9BC600C8966B /* LogInView.swift */ = {isa = PBXFileReference; lastKnownFileType = sourcecode.swift; path = LogInView.swift; sourceTree = "<group>"; };
		CEB907DD2B4D9BF000C8966B /* LogInViewModel.swift */ = {isa = PBXFileReference; lastKnownFileType = sourcecode.swift; path = LogInViewModel.swift; sourceTree = "<group>"; };
		CEB907DF2B4D9C0A00C8966B /* RegisterView.swift */ = {isa = PBXFileReference; lastKnownFileType = sourcecode.swift; path = RegisterView.swift; sourceTree = "<group>"; };
		CEB907E12B4D9C2100C8966B /* RegisterViewModel.swift */ = {isa = PBXFileReference; lastKnownFileType = sourcecode.swift; path = RegisterViewModel.swift; sourceTree = "<group>"; };
		CEB907E32B4D9D8C00C8966B /* CustomAuthSystem.swift */ = {isa = PBXFileReference; lastKnownFileType = sourcecode.swift; path = CustomAuthSystem.swift; sourceTree = "<group>"; };
		CEB907E52B4DA08A00C8966B /* AuthPerformer.swift */ = {isa = PBXFileReference; lastKnownFileType = sourcecode.swift; path = AuthPerformer.swift; sourceTree = "<group>"; };
		CEB907E82B4DA32000C8966B /* AccountView.swift */ = {isa = PBXFileReference; lastKnownFileType = sourcecode.swift; path = AccountView.swift; sourceTree = "<group>"; };
		CEDD45662B4DA52400C8ACF7 /* OwnIDConfiguration.plist */ = {isa = PBXFileReference; fileEncoding = 4; lastKnownFileType = text.plist.xml; path = OwnIDConfiguration.plist; sourceTree = "<group>"; };
		CEDD45692B4DAEE700C8ACF7 /* IntegrationDemo.entitlements */ = {isa = PBXFileReference; lastKnownFileType = text.plist.entitlements; path = IntegrationDemo.entitlements; sourceTree = "<group>"; };
		CEDD456A2B4DBEB800C8ACF7 /* AccountView.swift */ = {isa = PBXFileReference; fileEncoding = 4; lastKnownFileType = sourcecode.swift; path = AccountView.swift; sourceTree = "<group>"; };
		CEDD456C2B4DBFB000C8ACF7 /* ScreensetsDemo.entitlements */ = {isa = PBXFileReference; lastKnownFileType = text.plist.entitlements; path = ScreensetsDemo.entitlements; sourceTree = "<group>"; };
		D1D58353FA3894B92CDB1672 /* Pods_ScreensetsDemo.framework */ = {isa = PBXFileReference; explicitFileType = wrapper.framework; includeInIndex = 0; path = Pods_ScreensetsDemo.framework; sourceTree = BUILT_PRODUCTS_DIR; };
/* End PBXFileReference section */

/* Begin PBXFrameworksBuildPhase section */
		161C4757290AE94F0014D737 /* Frameworks */ = {
			isa = PBXFrameworksBuildPhase;
			buildActionMask = 2147483647;
			files = (
				BA5852DB03A0F7A3FA41728D /* Pods_ScreensetsDemo.framework in Frameworks */,
			);
			runOnlyForDeploymentPostprocessing = 0;
		};
		1662AD5D291048DB0071894C /* Frameworks */ = {
			isa = PBXFrameworksBuildPhase;
			buildActionMask = 2147483647;
			files = (
				A5321182682B6CDF826869DA /* Pods_UIKitInjectionDemo.framework in Frameworks */,
			);
			runOnlyForDeploymentPostprocessing = 0;
		};
		16E2D826290B019D00AF28E4 /* Frameworks */ = {
			isa = PBXFrameworksBuildPhase;
			buildActionMask = 2147483647;
			files = (
				D85632A5688B37CF6B6FC1CA /* Pods_GigyaDemo.framework in Frameworks */,
			);
			runOnlyForDeploymentPostprocessing = 0;
		};
		CE1DC08D2B9F296000CF321D /* Frameworks */ = {
			isa = PBXFrameworksBuildPhase;
			buildActionMask = 2147483647;
			files = (
				7FA502B6B07AD91D8A4376B3 /* Pods_DirectDemo.framework in Frameworks */,
			);
			runOnlyForDeploymentPostprocessing = 0;
		};
		CEB907C82B4D969200C8966B /* Frameworks */ = {
			isa = PBXFrameworksBuildPhase;
			buildActionMask = 2147483647;
			files = (
				0356FF99B0D7A0670E571A55 /* Pods_IntegrationDemo.framework in Frameworks */,
			);
			runOnlyForDeploymentPostprocessing = 0;
		};
/* End PBXFrameworksBuildPhase section */

/* Begin PBXGroup section */
		11F542FE2D8B228C00E6EAFA /* Providers */ = {
			isa = PBXGroup;
			children = (
				11F542FF2D8B22CD00E6EAFA /* GoogleProvider.swift */,
			);
			path = Providers;
			sourceTree = "<group>";
		};
		161C475B290AE94F0014D737 /* ScreensetsDemo */ = {
			isa = PBXGroup;
			children = (
				CEDD456C2B4DBFB000C8ACF7 /* ScreensetsDemo.entitlements */,
				164572BE296CA7BB002EE650 /* SampleCode.xcconfig */,
				161C4793290AE9E30014D737 /* DemoApp.swift */,
				161C477B290AE9E30014D737 /* LogInViewModel.swift */,
				161C477C290AE9E30014D737 /* LogInView.swift */,
				161C477D290AE9E30014D737 /* ScreenSetsView.swift */,
				CEDD456A2B4DBEB800C8ACF7 /* AccountView.swift */,
				161C477F290AE9E30014D737 /* Misc */,
				161C477E290AE9E30014D737 /* Readme.md */,
			);
			path = ScreensetsDemo;
			sourceTree = "<group>";
		};
		161C477F290AE9E30014D737 /* Misc */ = {
			isa = PBXGroup;
			children = (
				16520AC4290AEE3500E7D1E7 /* Info.plist */,
				161C4781290AE9E30014D737 /* Assets.xcassets */,
				161C4782290AE9E30014D737 /* Preview Content */,
			);
			path = Misc;
			sourceTree = "<group>";
		};
		161C4782290AE9E30014D737 /* Preview Content */ = {
			isa = PBXGroup;
			children = (
				161C4783290AE9E30014D737 /* Preview Assets.xcassets */,
			);
			path = "Preview Content";
			sourceTree = "<group>";
		};
		1662AD61291048DB0071894C /* UIKitInjectionDemo */ = {
			isa = PBXGroup;
			children = (
				CE7879532B178F2700FA098D /* UIKitInjectionDemo.entitlements */,
				164572BB296CA796002EE650 /* SampleCode.xcconfig */,
				163998D129104EC5003087CD /* OwnIDConfiguration.plist */,
				1662AD62291048DB0071894C /* AppDelegate.swift */,
				1662AD66291048DB0071894C /* RegisterViewController.swift */,
				1170B15F2C6621DC00389D07 /* LoginViewController.swift */,
				11E6C54E2C1209FE0074B747 /* AccountViewController.swift */,
				1662AD68291048DB0071894C /* Main.storyboard */,
				1662AD6B291048DC0071894C /* Assets.xcassets */,
				1662AD70291048DC0071894C /* Info.plist */,
			);
			path = UIKitInjectionDemo;
			sourceTree = "<group>";
		};
		16E2D82A290B019D00AF28E4 /* GigyaDemo */ = {
			isa = PBXGroup;
			children = (
				CE78794F2B172CD900FA098D /* GigyaDemo.entitlements */,
				164572BC296CA7A4002EE650 /* SampleCode.xcconfig */,
				16FCA8A0290B040E00CF6E82 /* Info.plist */,
				16C89BF5290F8DCA00F5FE09 /* OwnIDConfiguration.plist */,
				16E2D82B290B019D00AF28E4 /* GigyaDemoApp.swift */,
				118D89522CA30C7200FB7920 /* WelcomeViewModel.swift */,
				16E35759290C074B0059B5A2 /* LogInView.swift */,
				16E3575A290C074B0059B5A2 /* LogInViewModel.swift */,
				16E3575D290C074C0059B5A2 /* RegisterView.swift */,
				16E3575C290C074C0059B5A2 /* RegisterViewModel.swift */,
				16E35752290BE3180059B5A2 /* AccountView.swift */,
				11E6C5492C11F7100074B747 /* AccountViewModel.swift */,
				116E48D72CD4F35300F490A2 /* ProfileCollectionViewModel.swift */,
				16E2D82F290B019D00AF28E4 /* Assets.xcassets */,
				16E2D831290B019D00AF28E4 /* Preview Content */,
			);
			path = GigyaDemo;
			sourceTree = "<group>";
		};
		16E2D831290B019D00AF28E4 /* Preview Content */ = {
			isa = PBXGroup;
			children = (
				16E2D832290B019D00AF28E4 /* Preview Assets.xcassets */,
			);
			path = "Preview Content";
			sourceTree = "<group>";
		};
		16FBF258290A8E0800148C8C = {
			isa = PBXGroup;
			children = (
				11F542FE2D8B228C00E6EAFA /* Providers */,
				CEA108142BF5F2DB00AD90E4 /* Shared */,
				16E2D82A290B019D00AF28E4 /* GigyaDemo */,
				161C475B290AE94F0014D737 /* ScreensetsDemo */,
				CEB907CC2B4D969200C8966B /* IntegrationDemo */,
				CE1DC0912B9F296000CF321D /* DirectDemo */,
				1662AD61291048DB0071894C /* UIKitInjectionDemo */,
				16FBF262290A8E0800148C8C /* Products */,
				77BD2AA4EFD7B47DA3B95320 /* Pods */,
				7A6A6773024F1B6B06BF2D6D /* Frameworks */,
			);
			sourceTree = "<group>";
		};
		16FBF262290A8E0800148C8C /* Products */ = {
			isa = PBXGroup;
			children = (
				161C475A290AE94F0014D737 /* ScreensetsDemo.app */,
				16E2D829290B019D00AF28E4 /* GigyaDemo.app */,
				1662AD60291048DB0071894C /* UIKitInjectionDemo.app */,
				CEB907CB2B4D969200C8966B /* IntegrationDemo.app */,
				CE1DC0902B9F296000CF321D /* DirectDemo.app */,
			);
			name = Products;
			sourceTree = "<group>";
		};
		77BD2AA4EFD7B47DA3B95320 /* Pods */ = {
			isa = PBXGroup;
			children = (
				57BC0F8BA51DB6BF9B17A610 /* Pods-GigyaDemo.debug.xcconfig */,
				85A36729CB8BE4E8A7344080 /* Pods-GigyaDemo.release.xcconfig */,
				8126AE550F9C3ACD478BC246 /* Pods-IntegrationDemo.debug.xcconfig */,
				50850180902637421D7D391C /* Pods-IntegrationDemo.release.xcconfig */,
				048BC4A082ECB82876A2F40F /* Pods-ScreensetsDemo.debug.xcconfig */,
				80911C66B3A604783EE2A5DC /* Pods-ScreensetsDemo.release.xcconfig */,
				523AEC3D513B4C151FC3044E /* Pods-UIKitInjectionDemo.debug.xcconfig */,
				024B20E32AC8C86E4353CF1D /* Pods-UIKitInjectionDemo.release.xcconfig */,
				82E7F9390CB1FE8C5C5FE14B /* Pods-DirectDemo.debug.xcconfig */,
				983E392344AAB311702B3BDE /* Pods-DirectDemo.release.xcconfig */,
			);
			path = Pods;
			sourceTree = "<group>";
		};
		7A6A6773024F1B6B06BF2D6D /* Frameworks */ = {
			isa = PBXGroup;
			children = (
				61EE6B6AA3FED99C11B993E1 /* Pods_GigyaDemo.framework */,
				AC0DB5E650A1FE23B34D5B40 /* Pods_IntegrationDemo.framework */,
				D1D58353FA3894B92CDB1672 /* Pods_ScreensetsDemo.framework */,
				57C735FC6C41DA2125762B5F /* Pods_UIKitInjectionDemo.framework */,
				6FBDF2EE9C8DF640E4FF41F4 /* Pods_DirectDemo.framework */,
			);
			name = Frameworks;
			sourceTree = "<group>";
		};
		CE1DC0912B9F296000CF321D /* DirectDemo */ = {
			isa = PBXGroup;
			children = (
				CE1DC0AC2B9F4C8100CF321D /* DirectDemo.entitlements */,
				CE1DC0AA2B9F4C5F00CF321D /* OwnIDConfiguration.plist */,
				CE1DC0922B9F296000CF321D /* DirectDemoApp.swift */,
				118D894A2CA2E72A00FB7920 /* WelcomeViewModel.swift */,
				CE1DC0A02B9F424D00CF321D /* LogInView.swift */,
				CE1DC0A22B9F425800CF321D /* LogInViewModel.swift */,
				CE1DC0A42B9F426F00CF321D /* RegisterView.swift */,
				CE1DC0A62B9F427D00CF321D /* RegisterViewModel.swift */,
				CE1DC0A82B9F428D00CF321D /* AccountView.swift */,
				CE1DC0AD2B9F4CE600CF321D /* AuthSystem.swift */,
				116E48D52CD4F34400F490A2 /* ProfileCollectionViewModel.swift */,
				CE1DC0962B9F296300CF321D /* Assets.xcassets */,
				CE1DC0982B9F296300CF321D /* Preview Content */,
			);
			path = DirectDemo;
			sourceTree = "<group>";
		};
		CE1DC0982B9F296300CF321D /* Preview Content */ = {
			isa = PBXGroup;
			children = (
				CE1DC0992B9F296300CF321D /* Preview Assets.xcassets */,
			);
			path = "Preview Content";
			sourceTree = "<group>";
		};
		CEA108142BF5F2DB00AD90E4 /* Shared */ = {
			isa = PBXGroup;
			children = (
				CE3686D62BF4E897007BF445 /* AppState.swift */,
				CE3686DE2BF4E988007BF445 /* AppCoordinator.swift */,
				CE3686D82BF4E8AE007BF445 /* AppCoordinatorView.swift */,
				1158B32E2C076EF300149316 /* WelcomeView.swift */,
				CE3686DA2BF4E8BE007BF445 /* HeaderView.swift */,
				CEA108252BF5F88800AD90E4 /* ViewExtensions.swift */,
				CE3686E42BF50DCC007BF445 /* BlueButton.swift */,
				118D894C2CA2EC8300FB7920 /* FlowResult.swift */,
				116E48CD2CD4F18300F490A2 /* ProfileCollectionView.swift */,
			);
			path = Shared;
			sourceTree = "<group>";
		};
		CEB907CC2B4D969200C8966B /* IntegrationDemo */ = {
			isa = PBXGroup;
			children = (
				CEDD45692B4DAEE700C8ACF7 /* IntegrationDemo.entitlements */,
				CEDD45662B4DA52400C8ACF7 /* OwnIDConfiguration.plist */,
				CEB907CD2B4D969300C8966B /* IntegrationDemoApp.swift */,
				118D89502CA30AB200FB7920 /* WelcomeViewModel.swift */,
				CEB907DB2B4D9BC600C8966B /* LogInView.swift */,
				CEB907DD2B4D9BF000C8966B /* LogInViewModel.swift */,
				CEB907DF2B4D9C0A00C8966B /* RegisterView.swift */,
				CEB907E12B4D9C2100C8966B /* RegisterViewModel.swift */,
				CEB907E32B4D9D8C00C8966B /* CustomAuthSystem.swift */,
				CEB907E52B4DA08A00C8966B /* AuthPerformer.swift */,
				CEB907E82B4DA32000C8966B /* AccountView.swift */,
				116E48D12CD4F19600F490A2 /* ProfileCollectionViewModel.swift */,
				CEB907D12B4D969500C8966B /* Assets.xcassets */,
				CEB907D32B4D969500C8966B /* Preview Content */,
			);
			path = IntegrationDemo;
			sourceTree = "<group>";
		};
		CEB907D32B4D969500C8966B /* Preview Content */ = {
			isa = PBXGroup;
			children = (
				CEB907D42B4D969500C8966B /* Preview Assets.xcassets */,
			);
			path = "Preview Content";
			sourceTree = "<group>";
		};
/* End PBXGroup section */

/* Begin PBXNativeTarget section */
		161C4759290AE94F0014D737 /* ScreensetsDemo */ = {
			isa = PBXNativeTarget;
			buildConfigurationList = 161C4765290AE9500014D737 /* Build configuration list for PBXNativeTarget "ScreensetsDemo" */;
			buildPhases = (
				19594265DFF8BD7A7FE46A0C /* [CP] Check Pods Manifest.lock */,
				161C4756290AE94F0014D737 /* Sources */,
				161C4757290AE94F0014D737 /* Frameworks */,
				161C4758290AE94F0014D737 /* Resources */,
				167C7CEF290FD864008D047B /* Embed Frameworks */,
				E7423F2D9466C84FA88604A1 /* [CP] Embed Pods Frameworks */,
			);
			buildRules = (
			);
			dependencies = (
			);
			name = ScreensetsDemo;
			productName = ScreensetsDemo;
			productReference = 161C475A290AE94F0014D737 /* ScreensetsDemo.app */;
			productType = "com.apple.product-type.application";
		};
		1662AD5F291048DB0071894C /* UIKitInjectionDemo */ = {
			isa = PBXNativeTarget;
			buildConfigurationList = 1662AD71291048DC0071894C /* Build configuration list for PBXNativeTarget "UIKitInjectionDemo" */;
			buildPhases = (
				337D1AF208E77E286AC766BB /* [CP] Check Pods Manifest.lock */,
				1662AD5C291048DB0071894C /* Sources */,
				1662AD5D291048DB0071894C /* Frameworks */,
				1662AD5E291048DB0071894C /* Resources */,
				A1DE92CCBFD3DEDC451A12A5 /* [CP] Embed Pods Frameworks */,
			);
			buildRules = (
			);
			dependencies = (
			);
			name = UIKitInjectionDemo;
			productName = UIKitInjectionDemo;
			productReference = 1662AD60291048DB0071894C /* UIKitInjectionDemo.app */;
			productType = "com.apple.product-type.application";
		};
		16E2D828290B019D00AF28E4 /* GigyaDemo */ = {
			isa = PBXNativeTarget;
			buildConfigurationList = 16E2D836290B019D00AF28E4 /* Build configuration list for PBXNativeTarget "GigyaDemo" */;
			buildPhases = (
				7A60444D1DCB023276DB012F /* [CP] Check Pods Manifest.lock */,
				16E2D825290B019D00AF28E4 /* Sources */,
				16E2D826290B019D00AF28E4 /* Frameworks */,
				16E2D827290B019D00AF28E4 /* Resources */,
				16E35767290C07670059B5A2 /* Embed Frameworks */,
				89BF4A59C0BE0EBCB4C3F768 /* [CP] Embed Pods Frameworks */,
			);
			buildRules = (
			);
			dependencies = (
			);
			name = GigyaDemo;
			productName = GigyaDemo;
			productReference = 16E2D829290B019D00AF28E4 /* GigyaDemo.app */;
			productType = "com.apple.product-type.application";
		};
		CE1DC08F2B9F296000CF321D /* DirectDemo */ = {
			isa = PBXNativeTarget;
			buildConfigurationList = CE1DC09D2B9F296300CF321D /* Build configuration list for PBXNativeTarget "DirectDemo" */;
			buildPhases = (
				EB1DC7EB0528A203834F81B4 /* [CP] Check Pods Manifest.lock */,
				CE1DC08C2B9F296000CF321D /* Sources */,
				CE1DC08D2B9F296000CF321D /* Frameworks */,
				CE1DC08E2B9F296000CF321D /* Resources */,
				D3A7B88B0796D5BDCAF12851 /* [CP] Embed Pods Frameworks */,
			);
			buildRules = (
			);
			dependencies = (
			);
			name = DirectDemo;
			productName = DirectDemo;
			productReference = CE1DC0902B9F296000CF321D /* DirectDemo.app */;
			productType = "com.apple.product-type.application";
		};
		CEB907CA2B4D969200C8966B /* IntegrationDemo */ = {
			isa = PBXNativeTarget;
			buildConfigurationList = CEB907D82B4D969600C8966B /* Build configuration list for PBXNativeTarget "IntegrationDemo" */;
			buildPhases = (
				6FA5A5F8639702FDD4D0E504 /* [CP] Check Pods Manifest.lock */,
				CEB907C72B4D969200C8966B /* Sources */,
				CEB907C82B4D969200C8966B /* Frameworks */,
				CEB907C92B4D969200C8966B /* Resources */,
				6F775ACC42DD7A5CDAE114FE /* [CP] Embed Pods Frameworks */,
			);
			buildRules = (
			);
			dependencies = (
			);
			name = IntegrationDemo;
			productName = IntegrationDemo;
			productReference = CEB907CB2B4D969200C8966B /* IntegrationDemo.app */;
			productType = "com.apple.product-type.application";
		};
/* End PBXNativeTarget section */

/* Begin PBXProject section */
		16FBF259290A8E0800148C8C /* Project object */ = {
			isa = PBXProject;
			attributes = {
				BuildIndependentTargetsInParallel = 1;
				LastSwiftUpdateCheck = 1520;
				LastUpgradeCheck = 1400;
				TargetAttributes = {
					161C4759290AE94F0014D737 = {
						CreatedOnToolsVersion = 14.0.1;
					};
					1662AD5F291048DB0071894C = {
						CreatedOnToolsVersion = 14.0.1;
					};
					16E2D828290B019D00AF28E4 = {
						CreatedOnToolsVersion = 14.0.1;
					};
					CE1DC08F2B9F296000CF321D = {
						CreatedOnToolsVersion = 15.2;
					};
					CEB907CA2B4D969200C8966B = {
						CreatedOnToolsVersion = 15.0;
					};
				};
			};
			buildConfigurationList = 16FBF25C290A8E0800148C8C /* Build configuration list for PBXProject "Demo" */;
			compatibilityVersion = "Xcode 13.0";
			developmentRegion = en;
			hasScannedForEncodings = 0;
			knownRegions = (
				en,
				Base,
			);
			mainGroup = 16FBF258290A8E0800148C8C;
			productRefGroup = 16FBF262290A8E0800148C8C /* Products */;
			projectDirPath = "";
			projectRoot = "";
			targets = (
				161C4759290AE94F0014D737 /* ScreensetsDemo */,
				16E2D828290B019D00AF28E4 /* GigyaDemo */,
				1662AD5F291048DB0071894C /* UIKitInjectionDemo */,
				CEB907CA2B4D969200C8966B /* IntegrationDemo */,
				CE1DC08F2B9F296000CF321D /* DirectDemo */,
			);
		};
/* End PBXProject section */

/* Begin PBXResourcesBuildPhase section */
		161C4758290AE94F0014D737 /* Resources */ = {
			isa = PBXResourcesBuildPhase;
			buildActionMask = 2147483647;
			files = (
				161C4799290AE9E30014D737 /* Assets.xcassets in Resources */,
				161C479A290AE9E30014D737 /* Preview Assets.xcassets in Resources */,
				11E6C54D2C12027A0074B747 /* Assets.xcassets in Resources */,
				161C4797290AE9E30014D737 /* Readme.md in Resources */,
			);
			runOnlyForDeploymentPostprocessing = 0;
		};
		1662AD5E291048DB0071894C /* Resources */ = {
			isa = PBXResourcesBuildPhase;
			buildActionMask = 2147483647;
			files = (
				1662AD6C291048DC0071894C /* Assets.xcassets in Resources */,
				1662AD6A291048DB0071894C /* Main.storyboard in Resources */,
				1170B15C2C661F9400389D07 /* Assets.xcassets in Resources */,
				163998D229104EC5003087CD /* OwnIDConfiguration.plist in Resources */,
			);
			runOnlyForDeploymentPostprocessing = 0;
		};
		16E2D827290B019D00AF28E4 /* Resources */ = {
			isa = PBXResourcesBuildPhase;
			buildActionMask = 2147483647;
			files = (
				16E2D833290B019D00AF28E4 /* Preview Assets.xcassets in Resources */,
				16E2D830290B019D00AF28E4 /* Assets.xcassets in Resources */,
				16C89BF6290F8DCA00F5FE09 /* OwnIDConfiguration.plist in Resources */,
			);
			runOnlyForDeploymentPostprocessing = 0;
		};
		CE1DC08E2B9F296000CF321D /* Resources */ = {
			isa = PBXResourcesBuildPhase;
			buildActionMask = 2147483647;
			files = (
				CE1DC09A2B9F296300CF321D /* Preview Assets.xcassets in Resources */,
				CE1DC0972B9F296300CF321D /* Assets.xcassets in Resources */,
				CEA108232BF5F82100AD90E4 /* Assets.xcassets in Resources */,
				CE1DC0AB2B9F4C5F00CF321D /* OwnIDConfiguration.plist in Resources */,
			);
			runOnlyForDeploymentPostprocessing = 0;
		};
		CEB907C92B4D969200C8966B /* Resources */ = {
			isa = PBXResourcesBuildPhase;
			buildActionMask = 2147483647;
			files = (
				CEB907D52B4D969500C8966B /* Preview Assets.xcassets in Resources */,
				CEB907D22B4D969500C8966B /* Assets.xcassets in Resources */,
				CEA108242BF5F82200AD90E4 /* Assets.xcassets in Resources */,
				CEDD45672B4DA52400C8ACF7 /* OwnIDConfiguration.plist in Resources */,
			);
			runOnlyForDeploymentPostprocessing = 0;
		};
/* End PBXResourcesBuildPhase section */

/* Begin PBXShellScriptBuildPhase section */
		19594265DFF8BD7A7FE46A0C /* [CP] Check Pods Manifest.lock */ = {
			isa = PBXShellScriptBuildPhase;
			buildActionMask = 2147483647;
			files = (
			);
			inputFileListPaths = (
			);
			inputPaths = (
				"${PODS_PODFILE_DIR_PATH}/Podfile.lock",
				"${PODS_ROOT}/Manifest.lock",
			);
			name = "[CP] Check Pods Manifest.lock";
			outputFileListPaths = (
			);
			outputPaths = (
				"$(DERIVED_FILE_DIR)/Pods-ScreensetsDemo-checkManifestLockResult.txt",
			);
			runOnlyForDeploymentPostprocessing = 0;
			shellPath = /bin/sh;
			shellScript = "diff \"${PODS_PODFILE_DIR_PATH}/Podfile.lock\" \"${PODS_ROOT}/Manifest.lock\" > /dev/null\nif [ $? != 0 ] ; then\n    # print error to STDERR\n    echo \"error: The sandbox is not in sync with the Podfile.lock. Run 'pod install' or update your CocoaPods installation.\" >&2\n    exit 1\nfi\n# This output is used by Xcode 'outputs' to avoid re-running this script phase.\necho \"SUCCESS\" > \"${SCRIPT_OUTPUT_FILE_0}\"\n";
			showEnvVarsInLog = 0;
		};
		337D1AF208E77E286AC766BB /* [CP] Check Pods Manifest.lock */ = {
			isa = PBXShellScriptBuildPhase;
			buildActionMask = 2147483647;
			files = (
			);
			inputFileListPaths = (
			);
			inputPaths = (
				"${PODS_PODFILE_DIR_PATH}/Podfile.lock",
				"${PODS_ROOT}/Manifest.lock",
			);
			name = "[CP] Check Pods Manifest.lock";
			outputFileListPaths = (
			);
			outputPaths = (
				"$(DERIVED_FILE_DIR)/Pods-UIKitInjectionDemo-checkManifestLockResult.txt",
			);
			runOnlyForDeploymentPostprocessing = 0;
			shellPath = /bin/sh;
			shellScript = "diff \"${PODS_PODFILE_DIR_PATH}/Podfile.lock\" \"${PODS_ROOT}/Manifest.lock\" > /dev/null\nif [ $? != 0 ] ; then\n    # print error to STDERR\n    echo \"error: The sandbox is not in sync with the Podfile.lock. Run 'pod install' or update your CocoaPods installation.\" >&2\n    exit 1\nfi\n# This output is used by Xcode 'outputs' to avoid re-running this script phase.\necho \"SUCCESS\" > \"${SCRIPT_OUTPUT_FILE_0}\"\n";
			showEnvVarsInLog = 0;
		};
		6F775ACC42DD7A5CDAE114FE /* [CP] Embed Pods Frameworks */ = {
			isa = PBXShellScriptBuildPhase;
			buildActionMask = 2147483647;
			files = (
			);
			inputFileListPaths = (
				"${PODS_ROOT}/Target Support Files/Pods-IntegrationDemo/Pods-IntegrationDemo-frameworks-${CONFIGURATION}-input-files.xcfilelist",
			);
			name = "[CP] Embed Pods Frameworks";
			outputFileListPaths = (
				"${PODS_ROOT}/Target Support Files/Pods-IntegrationDemo/Pods-IntegrationDemo-frameworks-${CONFIGURATION}-output-files.xcfilelist",
			);
			runOnlyForDeploymentPostprocessing = 0;
			shellPath = /bin/sh;
			shellScript = "\"${PODS_ROOT}/Target Support Files/Pods-IntegrationDemo/Pods-IntegrationDemo-frameworks.sh\"\n";
			showEnvVarsInLog = 0;
		};
		6FA5A5F8639702FDD4D0E504 /* [CP] Check Pods Manifest.lock */ = {
			isa = PBXShellScriptBuildPhase;
			buildActionMask = 2147483647;
			files = (
			);
			inputFileListPaths = (
			);
			inputPaths = (
				"${PODS_PODFILE_DIR_PATH}/Podfile.lock",
				"${PODS_ROOT}/Manifest.lock",
			);
			name = "[CP] Check Pods Manifest.lock";
			outputFileListPaths = (
			);
			outputPaths = (
				"$(DERIVED_FILE_DIR)/Pods-IntegrationDemo-checkManifestLockResult.txt",
			);
			runOnlyForDeploymentPostprocessing = 0;
			shellPath = /bin/sh;
			shellScript = "diff \"${PODS_PODFILE_DIR_PATH}/Podfile.lock\" \"${PODS_ROOT}/Manifest.lock\" > /dev/null\nif [ $? != 0 ] ; then\n    # print error to STDERR\n    echo \"error: The sandbox is not in sync with the Podfile.lock. Run 'pod install' or update your CocoaPods installation.\" >&2\n    exit 1\nfi\n# This output is used by Xcode 'outputs' to avoid re-running this script phase.\necho \"SUCCESS\" > \"${SCRIPT_OUTPUT_FILE_0}\"\n";
			showEnvVarsInLog = 0;
		};
		7A60444D1DCB023276DB012F /* [CP] Check Pods Manifest.lock */ = {
			isa = PBXShellScriptBuildPhase;
			buildActionMask = 2147483647;
			files = (
			);
			inputFileListPaths = (
			);
			inputPaths = (
				"${PODS_PODFILE_DIR_PATH}/Podfile.lock",
				"${PODS_ROOT}/Manifest.lock",
			);
			name = "[CP] Check Pods Manifest.lock";
			outputFileListPaths = (
			);
			outputPaths = (
				"$(DERIVED_FILE_DIR)/Pods-GigyaDemo-checkManifestLockResult.txt",
			);
			runOnlyForDeploymentPostprocessing = 0;
			shellPath = /bin/sh;
			shellScript = "diff \"${PODS_PODFILE_DIR_PATH}/Podfile.lock\" \"${PODS_ROOT}/Manifest.lock\" > /dev/null\nif [ $? != 0 ] ; then\n    # print error to STDERR\n    echo \"error: The sandbox is not in sync with the Podfile.lock. Run 'pod install' or update your CocoaPods installation.\" >&2\n    exit 1\nfi\n# This output is used by Xcode 'outputs' to avoid re-running this script phase.\necho \"SUCCESS\" > \"${SCRIPT_OUTPUT_FILE_0}\"\n";
			showEnvVarsInLog = 0;
		};
		89BF4A59C0BE0EBCB4C3F768 /* [CP] Embed Pods Frameworks */ = {
			isa = PBXShellScriptBuildPhase;
			buildActionMask = 2147483647;
			files = (
			);
			inputFileListPaths = (
				"${PODS_ROOT}/Target Support Files/Pods-GigyaDemo/Pods-GigyaDemo-frameworks-${CONFIGURATION}-input-files.xcfilelist",
			);
			name = "[CP] Embed Pods Frameworks";
			outputFileListPaths = (
				"${PODS_ROOT}/Target Support Files/Pods-GigyaDemo/Pods-GigyaDemo-frameworks-${CONFIGURATION}-output-files.xcfilelist",
			);
			runOnlyForDeploymentPostprocessing = 0;
			shellPath = /bin/sh;
			shellScript = "\"${PODS_ROOT}/Target Support Files/Pods-GigyaDemo/Pods-GigyaDemo-frameworks.sh\"\n";
			showEnvVarsInLog = 0;
		};
		A1DE92CCBFD3DEDC451A12A5 /* [CP] Embed Pods Frameworks */ = {
			isa = PBXShellScriptBuildPhase;
			buildActionMask = 2147483647;
			files = (
			);
			inputFileListPaths = (
				"${PODS_ROOT}/Target Support Files/Pods-UIKitInjectionDemo/Pods-UIKitInjectionDemo-frameworks-${CONFIGURATION}-input-files.xcfilelist",
			);
			name = "[CP] Embed Pods Frameworks";
			outputFileListPaths = (
				"${PODS_ROOT}/Target Support Files/Pods-UIKitInjectionDemo/Pods-UIKitInjectionDemo-frameworks-${CONFIGURATION}-output-files.xcfilelist",
			);
			runOnlyForDeploymentPostprocessing = 0;
			shellPath = /bin/sh;
			shellScript = "\"${PODS_ROOT}/Target Support Files/Pods-UIKitInjectionDemo/Pods-UIKitInjectionDemo-frameworks.sh\"\n";
			showEnvVarsInLog = 0;
		};
		D3A7B88B0796D5BDCAF12851 /* [CP] Embed Pods Frameworks */ = {
			isa = PBXShellScriptBuildPhase;
			buildActionMask = 2147483647;
			files = (
			);
			inputFileListPaths = (
				"${PODS_ROOT}/Target Support Files/Pods-DirectDemo/Pods-DirectDemo-frameworks-${CONFIGURATION}-input-files.xcfilelist",
			);
			name = "[CP] Embed Pods Frameworks";
			outputFileListPaths = (
				"${PODS_ROOT}/Target Support Files/Pods-DirectDemo/Pods-DirectDemo-frameworks-${CONFIGURATION}-output-files.xcfilelist",
			);
			runOnlyForDeploymentPostprocessing = 0;
			shellPath = /bin/sh;
			shellScript = "\"${PODS_ROOT}/Target Support Files/Pods-DirectDemo/Pods-DirectDemo-frameworks.sh\"\n";
			showEnvVarsInLog = 0;
		};
		E7423F2D9466C84FA88604A1 /* [CP] Embed Pods Frameworks */ = {
			isa = PBXShellScriptBuildPhase;
			buildActionMask = 2147483647;
			files = (
			);
			inputFileListPaths = (
				"${PODS_ROOT}/Target Support Files/Pods-ScreensetsDemo/Pods-ScreensetsDemo-frameworks-${CONFIGURATION}-input-files.xcfilelist",
			);
			name = "[CP] Embed Pods Frameworks";
			outputFileListPaths = (
				"${PODS_ROOT}/Target Support Files/Pods-ScreensetsDemo/Pods-ScreensetsDemo-frameworks-${CONFIGURATION}-output-files.xcfilelist",
			);
			runOnlyForDeploymentPostprocessing = 0;
			shellPath = /bin/sh;
			shellScript = "\"${PODS_ROOT}/Target Support Files/Pods-ScreensetsDemo/Pods-ScreensetsDemo-frameworks.sh\"\n";
			showEnvVarsInLog = 0;
		};
		EB1DC7EB0528A203834F81B4 /* [CP] Check Pods Manifest.lock */ = {
			isa = PBXShellScriptBuildPhase;
			buildActionMask = 2147483647;
			files = (
			);
			inputFileListPaths = (
			);
			inputPaths = (
				"${PODS_PODFILE_DIR_PATH}/Podfile.lock",
				"${PODS_ROOT}/Manifest.lock",
			);
			name = "[CP] Check Pods Manifest.lock";
			outputFileListPaths = (
			);
			outputPaths = (
				"$(DERIVED_FILE_DIR)/Pods-DirectDemo-checkManifestLockResult.txt",
			);
			runOnlyForDeploymentPostprocessing = 0;
			shellPath = /bin/sh;
			shellScript = "diff \"${PODS_PODFILE_DIR_PATH}/Podfile.lock\" \"${PODS_ROOT}/Manifest.lock\" > /dev/null\nif [ $? != 0 ] ; then\n    # print error to STDERR\n    echo \"error: The sandbox is not in sync with the Podfile.lock. Run 'pod install' or update your CocoaPods installation.\" >&2\n    exit 1\nfi\n# This output is used by Xcode 'outputs' to avoid re-running this script phase.\necho \"SUCCESS\" > \"${SCRIPT_OUTPUT_FILE_0}\"\n";
			showEnvVarsInLog = 0;
		};
/* End PBXShellScriptBuildPhase section */

/* Begin PBXSourcesBuildPhase section */
		161C4756290AE94F0014D737 /* Sources */ = {
			isa = PBXSourcesBuildPhase;
			buildActionMask = 2147483647;
			files = (
				161C4795290AE9E30014D737 /* LogInView.swift in Sources */,
				161C4794290AE9E30014D737 /* LogInViewModel.swift in Sources */,
				161C4796290AE9E30014D737 /* ScreenSetsView.swift in Sources */,
				161C47A2290AE9E30014D737 /* DemoApp.swift in Sources */,
				CEDD456B2B4DBEB800C8ACF7 /* AccountView.swift in Sources */,
				11E6C54B2C1201200074B747 /* BlueButton.swift in Sources */,
				11E6C54C2C1201880074B747 /* HeaderView.swift in Sources */,
			);
			runOnlyForDeploymentPostprocessing = 0;
		};
		1662AD5C291048DB0071894C /* Sources */ = {
			isa = PBXSourcesBuildPhase;
			buildActionMask = 2147483647;
			files = (
				1170B1602C6621DC00389D07 /* LoginViewController.swift in Sources */,
				1662AD67291048DB0071894C /* RegisterViewController.swift in Sources */,
				1662AD63291048DB0071894C /* AppDelegate.swift in Sources */,
				11E6C54F2C1209FE0074B747 /* AccountViewController.swift in Sources */,
			);
			runOnlyForDeploymentPostprocessing = 0;
		};
		16E2D825290B019D00AF28E4 /* Sources */ = {
			isa = PBXSourcesBuildPhase;
			buildActionMask = 2147483647;
			files = (
				CE3686DF2BF4E988007BF445 /* AppCoordinator.swift in Sources */,
				16E3575E290C074C0059B5A2 /* LogInView.swift in Sources */,
				16E35761290C074C0059B5A2 /* RegisterViewModel.swift in Sources */,
				CE3686D92BF4E8AE007BF445 /* AppCoordinatorView.swift in Sources */,
				CEA108292BF5F98200AD90E4 /* ViewExtensions.swift in Sources */,
				11F543002D8B22CD00E6EAFA /* GoogleProvider.swift in Sources */,
				CE3686D72BF4E897007BF445 /* AppState.swift in Sources */,
				CE3686DB2BF4E8BE007BF445 /* HeaderView.swift in Sources */,
				16E35762290C074C0059B5A2 /* RegisterView.swift in Sources */,
				11E6C54A2C11F7100074B747 /* AccountViewModel.swift in Sources */,
				116E48CE2CD4F18300F490A2 /* ProfileCollectionView.swift in Sources */,
				118D89532CA30C7200FB7920 /* WelcomeViewModel.swift in Sources */,
				CE7879512B1746DC00FA098D /* AccountView.swift in Sources */,
				16E3575F290C074C0059B5A2 /* LogInViewModel.swift in Sources */,
				118D894E2CA2EC8300FB7920 /* FlowResult.swift in Sources */,
				116E48D82CD4F35300F490A2 /* ProfileCollectionViewModel.swift in Sources */,
				CE3686E52BF50DCC007BF445 /* BlueButton.swift in Sources */,
				16E2D82C290B019D00AF28E4 /* GigyaDemoApp.swift in Sources */,
				1158B32F2C076EF300149316 /* WelcomeView.swift in Sources */,
			);
			runOnlyForDeploymentPostprocessing = 0;
		};
		CE1DC08C2B9F296000CF321D /* Sources */ = {
			isa = PBXSourcesBuildPhase;
			buildActionMask = 2147483647;
			files = (
				CE1DC0A32B9F425800CF321D /* LogInViewModel.swift in Sources */,
				118D894B2CA2E72A00FB7920 /* WelcomeViewModel.swift in Sources */,
				118D894D2CA2EC8300FB7920 /* FlowResult.swift in Sources */,
				CEA108282BF5F89100AD90E4 /* ViewExtensions.swift in Sources */,
				CE1DC0A72B9F427D00CF321D /* RegisterViewModel.swift in Sources */,
				11F543022D8B22CD00E6EAFA /* GoogleProvider.swift in Sources */,
				CE1DC0AE2B9F4CE600CF321D /* AuthSystem.swift in Sources */,
				CE1DC0A52B9F426F00CF321D /* RegisterView.swift in Sources */,
				CE1DC0A12B9F424D00CF321D /* LogInView.swift in Sources */,
				CE1DC0A92B9F428D00CF321D /* AccountView.swift in Sources */,
				116E48D02CD4F18300F490A2 /* ProfileCollectionView.swift in Sources */,
				CEA1081C2BF5F31E00AD90E4 /* AppState.swift in Sources */,
				CEA1081E2BF5F32B00AD90E4 /* HeaderView.swift in Sources */,
				1158B3312C076EF300149316 /* WelcomeView.swift in Sources */,
				CEA108182BF5F31800AD90E4 /* AppCoordinator.swift in Sources */,
				116E48D62CD4F34400F490A2 /* ProfileCollectionViewModel.swift in Sources */,
				CEA1082B2BF5FB5F00AD90E4 /* BlueButton.swift in Sources */,
				CE1DC0932B9F296000CF321D /* DirectDemoApp.swift in Sources */,
				CEA1081A2BF5F31B00AD90E4 /* AppCoordinatorView.swift in Sources */,
			);
			runOnlyForDeploymentPostprocessing = 0;
		};
		CEB907C72B4D969200C8966B /* Sources */ = {
			isa = PBXSourcesBuildPhase;
			buildActionMask = 2147483647;
			files = (
				CEB907DE2B4D9BF000C8966B /* LogInViewModel.swift in Sources */,
				CEA108192BF5F31B00AD90E4 /* AppCoordinatorView.swift in Sources */,
				118D894F2CA2EC8300FB7920 /* FlowResult.swift in Sources */,
				CEB907E22B4D9C2100C8966B /* RegisterViewModel.swift in Sources */,
				1158B3302C076EF300149316 /* WelcomeView.swift in Sources */,
				CEA1081B2BF5F31D00AD90E4 /* AppState.swift in Sources */,
				CEA108172BF5F31700AD90E4 /* AppCoordinator.swift in Sources */,
				CEB907E62B4DA08A00C8966B /* AuthPerformer.swift in Sources */,
				118D89512CA30AB200FB7920 /* WelcomeViewModel.swift in Sources */,
				CEA108272BF5F89100AD90E4 /* ViewExtensions.swift in Sources */,
				116E48CF2CD4F18300F490A2 /* ProfileCollectionView.swift in Sources */,
				116E48D32CD4F19600F490A2 /* ProfileCollectionViewModel.swift in Sources */,
				CEB907E02B4D9C0A00C8966B /* RegisterView.swift in Sources */,
				CEB907E42B4D9D8C00C8966B /* CustomAuthSystem.swift in Sources */,
				CEB907DC2B4D9BC600C8966B /* LogInView.swift in Sources */,
				11F543012D8B22CD00E6EAFA /* GoogleProvider.swift in Sources */,
				CEA1082A2BF5FB5E00AD90E4 /* BlueButton.swift in Sources */,
				CEB907E92B4DA32000C8966B /* AccountView.swift in Sources */,
				CEB907CE2B4D969300C8966B /* IntegrationDemoApp.swift in Sources */,
				CEA1081D2BF5F32B00AD90E4 /* HeaderView.swift in Sources */,
			);
			runOnlyForDeploymentPostprocessing = 0;
		};
/* End PBXSourcesBuildPhase section */

/* Begin PBXVariantGroup section */
		1662AD68291048DB0071894C /* Main.storyboard */ = {
			isa = PBXVariantGroup;
			children = (
				1662AD69291048DB0071894C /* Base */,
			);
			name = Main.storyboard;
			sourceTree = "<group>";
		};
/* End PBXVariantGroup section */

/* Begin XCBuildConfiguration section */
		161C4766290AE9500014D737 /* Debug */ = {
			isa = XCBuildConfiguration;
			baseConfigurationReference = 048BC4A082ECB82876A2F40F /* Pods-ScreensetsDemo.debug.xcconfig */;
			buildSettings = {
				ASSETCATALOG_COMPILER_APPICON_NAME = AppIcon;
				ASSETCATALOG_COMPILER_GLOBAL_ACCENT_COLOR_NAME = AccentColor;
				CODE_SIGN_ENTITLEMENTS = ScreensetsDemo/ScreensetsDemo.entitlements;
				CODE_SIGN_STYLE = Automatic;
				CURRENT_PROJECT_VERSION = 1;
				DEVELOPMENT_ASSET_PATHS = "\"ScreensetsDemo/Misc/Preview Content\"";
				DEVELOPMENT_TEAM = 3NNN3W36ZJ;
				ENABLE_PREVIEWS = YES;
				GENERATE_INFOPLIST_FILE = NO;
				INFOPLIST_FILE = ScreensetsDemo/Misc/Info.plist;
				INFOPLIST_KEY_CFBundleDisplayName = Screensets;
				INFOPLIST_KEY_UIApplicationSceneManifest_Generation = YES;
				INFOPLIST_KEY_UIApplicationSupportsIndirectInputEvents = YES;
				INFOPLIST_KEY_UILaunchScreen_Generation = YES;
				INFOPLIST_KEY_UISupportedInterfaceOrientations_iPad = "UIInterfaceOrientationPortrait UIInterfaceOrientationPortraitUpsideDown UIInterfaceOrientationLandscapeLeft UIInterfaceOrientationLandscapeRight";
				INFOPLIST_KEY_UISupportedInterfaceOrientations_iPhone = "UIInterfaceOrientationPortrait UIInterfaceOrientationLandscapeLeft UIInterfaceOrientationLandscapeRight";
				IPHONEOS_DEPLOYMENT_TARGET = 16.0;
				LD_RUNPATH_SEARCH_PATHS = (
					"$(inherited)",
					"@executable_path/Frameworks",
				);
				MARKETING_VERSION = 3.8.1;
				PRODUCT_BUNDLE_IDENTIFIER = com.ownid.demo.gigya.screens;
				PRODUCT_NAME = "$(TARGET_NAME)";
				SUPPORTED_PLATFORMS = "iphoneos iphonesimulator";
				SUPPORTS_MACCATALYST = NO;
				SUPPORTS_MAC_DESIGNED_FOR_IPHONE_IPAD = NO;
				SUPPORTS_XR_DESIGNED_FOR_IPHONE_IPAD = NO;
				SWIFT_EMIT_LOC_STRINGS = YES;
				SWIFT_VERSION = 5.0;
				TARGETED_DEVICE_FAMILY = 1;
			};
			name = Debug;
		};
		161C4767290AE9500014D737 /* Release */ = {
			isa = XCBuildConfiguration;
			baseConfigurationReference = 80911C66B3A604783EE2A5DC /* Pods-ScreensetsDemo.release.xcconfig */;
			buildSettings = {
				ASSETCATALOG_COMPILER_APPICON_NAME = AppIcon;
				ASSETCATALOG_COMPILER_GLOBAL_ACCENT_COLOR_NAME = AccentColor;
				CODE_SIGN_ENTITLEMENTS = ScreensetsDemo/ScreensetsDemo.entitlements;
				CODE_SIGN_STYLE = Automatic;
				CURRENT_PROJECT_VERSION = 1;
				DEVELOPMENT_ASSET_PATHS = "\"ScreensetsDemo/Misc/Preview Content\"";
				DEVELOPMENT_TEAM = 3NNN3W36ZJ;
				ENABLE_PREVIEWS = YES;
				GENERATE_INFOPLIST_FILE = NO;
				INFOPLIST_FILE = ScreensetsDemo/Misc/Info.plist;
				INFOPLIST_KEY_CFBundleDisplayName = Screensets;
				INFOPLIST_KEY_UIApplicationSceneManifest_Generation = YES;
				INFOPLIST_KEY_UIApplicationSupportsIndirectInputEvents = YES;
				INFOPLIST_KEY_UILaunchScreen_Generation = YES;
				INFOPLIST_KEY_UISupportedInterfaceOrientations_iPad = "UIInterfaceOrientationPortrait UIInterfaceOrientationPortraitUpsideDown UIInterfaceOrientationLandscapeLeft UIInterfaceOrientationLandscapeRight";
				INFOPLIST_KEY_UISupportedInterfaceOrientations_iPhone = "UIInterfaceOrientationPortrait UIInterfaceOrientationLandscapeLeft UIInterfaceOrientationLandscapeRight";
				IPHONEOS_DEPLOYMENT_TARGET = 16.0;
				LD_RUNPATH_SEARCH_PATHS = (
					"$(inherited)",
					"@executable_path/Frameworks",
				);
				MARKETING_VERSION = 3.8.1;
				PRODUCT_BUNDLE_IDENTIFIER = com.ownid.demo.gigya.screens;
				PRODUCT_NAME = "$(TARGET_NAME)";
				SUPPORTED_PLATFORMS = "iphoneos iphonesimulator";
				SUPPORTS_MACCATALYST = NO;
				SUPPORTS_MAC_DESIGNED_FOR_IPHONE_IPAD = NO;
				SUPPORTS_XR_DESIGNED_FOR_IPHONE_IPAD = NO;
				SWIFT_EMIT_LOC_STRINGS = YES;
				SWIFT_VERSION = 5.0;
				TARGETED_DEVICE_FAMILY = 1;
			};
			name = Release;
		};
		1662AD72291048DC0071894C /* Debug */ = {
			isa = XCBuildConfiguration;
			baseConfigurationReference = 523AEC3D513B4C151FC3044E /* Pods-UIKitInjectionDemo.debug.xcconfig */;
			buildSettings = {
				ASSETCATALOG_COMPILER_APPICON_NAME = AppIcon;
				ASSETCATALOG_COMPILER_GLOBAL_ACCENT_COLOR_NAME = AccentColor;
				CODE_SIGN_ENTITLEMENTS = UIKitInjectionDemo/UIKitInjectionDemo.entitlements;
				CODE_SIGN_STYLE = Automatic;
				CURRENT_PROJECT_VERSION = 1;
				DEVELOPMENT_TEAM = 3NNN3W36ZJ;
				GENERATE_INFOPLIST_FILE = YES;
				INFOPLIST_FILE = UIKitInjectionDemo/Info.plist;
				INFOPLIST_KEY_CFBundleDisplayName = UIKit;
				INFOPLIST_KEY_UIApplicationSupportsIndirectInputEvents = YES;
				INFOPLIST_KEY_UILaunchStoryboardName = Main.storyboard;
				INFOPLIST_KEY_UIMainStoryboardFile = Main;
				INFOPLIST_KEY_UISupportedInterfaceOrientations_iPad = "UIInterfaceOrientationPortrait UIInterfaceOrientationPortraitUpsideDown UIInterfaceOrientationLandscapeLeft UIInterfaceOrientationLandscapeRight";
				INFOPLIST_KEY_UISupportedInterfaceOrientations_iPhone = "UIInterfaceOrientationPortrait UIInterfaceOrientationLandscapeLeft UIInterfaceOrientationLandscapeRight";
				IPHONEOS_DEPLOYMENT_TARGET = 15.6;
				LD_RUNPATH_SEARCH_PATHS = (
					"$(inherited)",
					"@executable_path/Frameworks",
				);
				MARKETING_VERSION = 3.8.1;
				PRODUCT_BUNDLE_IDENTIFIER = com.ownid.demo.gigya;
				PRODUCT_NAME = "$(TARGET_NAME)";
				SUPPORTED_PLATFORMS = "iphoneos iphonesimulator";
				SUPPORTS_MACCATALYST = NO;
				SUPPORTS_MAC_DESIGNED_FOR_IPHONE_IPAD = NO;
				SUPPORTS_XR_DESIGNED_FOR_IPHONE_IPAD = NO;
				SWIFT_EMIT_LOC_STRINGS = YES;
				SWIFT_VERSION = 5.0;
				TARGETED_DEVICE_FAMILY = 1;
			};
			name = Debug;
		};
		1662AD73291048DC0071894C /* Release */ = {
			isa = XCBuildConfiguration;
			baseConfigurationReference = 024B20E32AC8C86E4353CF1D /* Pods-UIKitInjectionDemo.release.xcconfig */;
			buildSettings = {
				ASSETCATALOG_COMPILER_APPICON_NAME = AppIcon;
				ASSETCATALOG_COMPILER_GLOBAL_ACCENT_COLOR_NAME = AccentColor;
				CODE_SIGN_ENTITLEMENTS = UIKitInjectionDemo/UIKitInjectionDemo.entitlements;
				CODE_SIGN_STYLE = Automatic;
				CURRENT_PROJECT_VERSION = 1;
				DEVELOPMENT_TEAM = 3NNN3W36ZJ;
				GENERATE_INFOPLIST_FILE = YES;
				INFOPLIST_FILE = UIKitInjectionDemo/Info.plist;
				INFOPLIST_KEY_CFBundleDisplayName = UIKit;
				INFOPLIST_KEY_UIApplicationSupportsIndirectInputEvents = YES;
				INFOPLIST_KEY_UILaunchStoryboardName = Main.storyboard;
				INFOPLIST_KEY_UIMainStoryboardFile = Main;
				INFOPLIST_KEY_UISupportedInterfaceOrientations_iPad = "UIInterfaceOrientationPortrait UIInterfaceOrientationPortraitUpsideDown UIInterfaceOrientationLandscapeLeft UIInterfaceOrientationLandscapeRight";
				INFOPLIST_KEY_UISupportedInterfaceOrientations_iPhone = "UIInterfaceOrientationPortrait UIInterfaceOrientationLandscapeLeft UIInterfaceOrientationLandscapeRight";
				IPHONEOS_DEPLOYMENT_TARGET = 15.6;
				LD_RUNPATH_SEARCH_PATHS = (
					"$(inherited)",
					"@executable_path/Frameworks",
				);
				MARKETING_VERSION = 3.8.1;
				PRODUCT_BUNDLE_IDENTIFIER = com.ownid.demo.gigya;
				PRODUCT_NAME = "$(TARGET_NAME)";
				SUPPORTED_PLATFORMS = "iphoneos iphonesimulator";
				SUPPORTS_MACCATALYST = NO;
				SUPPORTS_MAC_DESIGNED_FOR_IPHONE_IPAD = NO;
				SUPPORTS_XR_DESIGNED_FOR_IPHONE_IPAD = NO;
				SWIFT_EMIT_LOC_STRINGS = YES;
				SWIFT_VERSION = 5.0;
				TARGETED_DEVICE_FAMILY = 1;
			};
			name = Release;
		};
		16E2D834290B019D00AF28E4 /* Debug */ = {
			isa = XCBuildConfiguration;
			baseConfigurationReference = 57BC0F8BA51DB6BF9B17A610 /* Pods-GigyaDemo.debug.xcconfig */;
			buildSettings = {
				ASSETCATALOG_COMPILER_APPICON_NAME = AppIcon;
				ASSETCATALOG_COMPILER_GLOBAL_ACCENT_COLOR_NAME = AccentColor;
				CODE_SIGN_ENTITLEMENTS = GigyaDemo/GigyaDemo.entitlements;
				CODE_SIGN_STYLE = Automatic;
				CURRENT_PROJECT_VERSION = 1;
				DEVELOPMENT_ASSET_PATHS = "\"GigyaDemo/Preview Content\"";
				DEVELOPMENT_TEAM = 3NNN3W36ZJ;
				ENABLE_PREVIEWS = YES;
				GENERATE_INFOPLIST_FILE = YES;
				INFOPLIST_FILE = GigyaDemo/Info.plist;
				INFOPLIST_KEY_CFBundleDisplayName = Gigya;
				INFOPLIST_KEY_UIApplicationSceneManifest_Generation = YES;
				INFOPLIST_KEY_UIApplicationSupportsIndirectInputEvents = YES;
				INFOPLIST_KEY_UILaunchScreen_Generation = YES;
				INFOPLIST_KEY_UISupportedInterfaceOrientations_iPad = "UIInterfaceOrientationPortrait UIInterfaceOrientationPortraitUpsideDown UIInterfaceOrientationLandscapeLeft UIInterfaceOrientationLandscapeRight";
				INFOPLIST_KEY_UISupportedInterfaceOrientations_iPhone = "UIInterfaceOrientationPortrait UIInterfaceOrientationLandscapeLeft UIInterfaceOrientationLandscapeRight";
				IPHONEOS_DEPLOYMENT_TARGET = 15.6;
				LD_RUNPATH_SEARCH_PATHS = (
					"$(inherited)",
					"@executable_path/Frameworks",
				);
				MARKETING_VERSION = 3.8.1;
				PRODUCT_BUNDLE_IDENTIFIER = com.ownid.demo.gigya;
				PRODUCT_NAME = "$(TARGET_NAME)";
				SUPPORTED_PLATFORMS = "iphoneos iphonesimulator";
				SUPPORTS_MACCATALYST = NO;
				SUPPORTS_MAC_DESIGNED_FOR_IPHONE_IPAD = NO;
				SUPPORTS_XR_DESIGNED_FOR_IPHONE_IPAD = NO;
				SWIFT_EMIT_LOC_STRINGS = YES;
				SWIFT_VERSION = 5.0;
				TARGETED_DEVICE_FAMILY = 1;
			};
			name = Debug;
		};
		16E2D835290B019D00AF28E4 /* Release */ = {
			isa = XCBuildConfiguration;
			baseConfigurationReference = 85A36729CB8BE4E8A7344080 /* Pods-GigyaDemo.release.xcconfig */;
			buildSettings = {
				ASSETCATALOG_COMPILER_APPICON_NAME = AppIcon;
				ASSETCATALOG_COMPILER_GLOBAL_ACCENT_COLOR_NAME = AccentColor;
				CODE_SIGN_ENTITLEMENTS = GigyaDemo/GigyaDemo.entitlements;
				CODE_SIGN_STYLE = Automatic;
				CURRENT_PROJECT_VERSION = 1;
				DEVELOPMENT_ASSET_PATHS = "\"GigyaDemo/Preview Content\"";
				DEVELOPMENT_TEAM = 3NNN3W36ZJ;
				ENABLE_PREVIEWS = YES;
				GENERATE_INFOPLIST_FILE = YES;
				INFOPLIST_FILE = GigyaDemo/Info.plist;
				INFOPLIST_KEY_CFBundleDisplayName = Gigya;
				INFOPLIST_KEY_UIApplicationSceneManifest_Generation = YES;
				INFOPLIST_KEY_UIApplicationSupportsIndirectInputEvents = YES;
				INFOPLIST_KEY_UILaunchScreen_Generation = YES;
				INFOPLIST_KEY_UISupportedInterfaceOrientations_iPad = "UIInterfaceOrientationPortrait UIInterfaceOrientationPortraitUpsideDown UIInterfaceOrientationLandscapeLeft UIInterfaceOrientationLandscapeRight";
				INFOPLIST_KEY_UISupportedInterfaceOrientations_iPhone = "UIInterfaceOrientationPortrait UIInterfaceOrientationLandscapeLeft UIInterfaceOrientationLandscapeRight";
				IPHONEOS_DEPLOYMENT_TARGET = 15.6;
				LD_RUNPATH_SEARCH_PATHS = (
					"$(inherited)",
					"@executable_path/Frameworks",
				);
				MARKETING_VERSION = 3.8.1;
				PRODUCT_BUNDLE_IDENTIFIER = com.ownid.demo.gigya;
				PRODUCT_NAME = "$(TARGET_NAME)";
				SUPPORTED_PLATFORMS = "iphoneos iphonesimulator";
				SUPPORTS_MACCATALYST = NO;
				SUPPORTS_MAC_DESIGNED_FOR_IPHONE_IPAD = NO;
				SUPPORTS_XR_DESIGNED_FOR_IPHONE_IPAD = NO;
				SWIFT_EMIT_LOC_STRINGS = YES;
				SWIFT_VERSION = 5.0;
				TARGETED_DEVICE_FAMILY = 1;
			};
			name = Release;
		};
		16FBF26D290A8E0900148C8C /* Debug */ = {
			isa = XCBuildConfiguration;
			buildSettings = {
				ALWAYS_SEARCH_USER_PATHS = NO;
				CLANG_ANALYZER_NONNULL = YES;
				CLANG_ANALYZER_NUMBER_OBJECT_CONVERSION = YES_AGGRESSIVE;
				CLANG_CXX_LANGUAGE_STANDARD = "gnu++20";
				CLANG_ENABLE_MODULES = YES;
				CLANG_ENABLE_OBJC_ARC = YES;
				CLANG_ENABLE_OBJC_WEAK = YES;
				CLANG_WARN_BLOCK_CAPTURE_AUTORELEASING = YES;
				CLANG_WARN_BOOL_CONVERSION = YES;
				CLANG_WARN_COMMA = YES;
				CLANG_WARN_CONSTANT_CONVERSION = YES;
				CLANG_WARN_DEPRECATED_OBJC_IMPLEMENTATIONS = YES;
				CLANG_WARN_DIRECT_OBJC_ISA_USAGE = YES_ERROR;
				CLANG_WARN_DOCUMENTATION_COMMENTS = YES;
				CLANG_WARN_EMPTY_BODY = YES;
				CLANG_WARN_ENUM_CONVERSION = YES;
				CLANG_WARN_INFINITE_RECURSION = YES;
				CLANG_WARN_INT_CONVERSION = YES;
				CLANG_WARN_NON_LITERAL_NULL_CONVERSION = YES;
				CLANG_WARN_OBJC_IMPLICIT_RETAIN_SELF = YES;
				CLANG_WARN_OBJC_LITERAL_CONVERSION = YES;
				CLANG_WARN_OBJC_ROOT_CLASS = YES_ERROR;
				CLANG_WARN_QUOTED_INCLUDE_IN_FRAMEWORK_HEADER = YES;
				CLANG_WARN_RANGE_LOOP_ANALYSIS = YES;
				CLANG_WARN_STRICT_PROTOTYPES = YES;
				CLANG_WARN_SUSPICIOUS_MOVE = YES;
				CLANG_WARN_UNGUARDED_AVAILABILITY = YES_AGGRESSIVE;
				CLANG_WARN_UNREACHABLE_CODE = YES;
				CLANG_WARN__DUPLICATE_METHOD_MATCH = YES;
				COPY_PHASE_STRIP = NO;
				DEBUG_INFORMATION_FORMAT = dwarf;
				ENABLE_STRICT_OBJC_MSGSEND = YES;
				ENABLE_TESTABILITY = YES;
				GCC_C_LANGUAGE_STANDARD = gnu11;
				GCC_DYNAMIC_NO_PIC = NO;
				GCC_NO_COMMON_BLOCKS = YES;
				GCC_OPTIMIZATION_LEVEL = 0;
				GCC_PREPROCESSOR_DEFINITIONS = (
					"DEBUG=1",
					"$(inherited)",
				);
				GCC_WARN_64_TO_32_BIT_CONVERSION = YES;
				GCC_WARN_ABOUT_RETURN_TYPE = YES_ERROR;
				GCC_WARN_UNDECLARED_SELECTOR = YES;
				GCC_WARN_UNINITIALIZED_AUTOS = YES_AGGRESSIVE;
				GCC_WARN_UNUSED_FUNCTION = YES;
				GCC_WARN_UNUSED_VARIABLE = YES;
				IPHONEOS_DEPLOYMENT_TARGET = 16.0;
				MTL_ENABLE_DEBUG_INFO = INCLUDE_SOURCE;
				MTL_FAST_MATH = YES;
				ONLY_ACTIVE_ARCH = YES;
				SDKROOT = iphoneos;
				SWIFT_ACTIVE_COMPILATION_CONDITIONS = DEBUG;
				SWIFT_OPTIMIZATION_LEVEL = "-Onone";
			};
			name = Debug;
		};
		16FBF26E290A8E0900148C8C /* Release */ = {
			isa = XCBuildConfiguration;
			buildSettings = {
				ALWAYS_SEARCH_USER_PATHS = NO;
				CLANG_ANALYZER_NONNULL = YES;
				CLANG_ANALYZER_NUMBER_OBJECT_CONVERSION = YES_AGGRESSIVE;
				CLANG_CXX_LANGUAGE_STANDARD = "gnu++20";
				CLANG_ENABLE_MODULES = YES;
				CLANG_ENABLE_OBJC_ARC = YES;
				CLANG_ENABLE_OBJC_WEAK = YES;
				CLANG_WARN_BLOCK_CAPTURE_AUTORELEASING = YES;
				CLANG_WARN_BOOL_CONVERSION = YES;
				CLANG_WARN_COMMA = YES;
				CLANG_WARN_CONSTANT_CONVERSION = YES;
				CLANG_WARN_DEPRECATED_OBJC_IMPLEMENTATIONS = YES;
				CLANG_WARN_DIRECT_OBJC_ISA_USAGE = YES_ERROR;
				CLANG_WARN_DOCUMENTATION_COMMENTS = YES;
				CLANG_WARN_EMPTY_BODY = YES;
				CLANG_WARN_ENUM_CONVERSION = YES;
				CLANG_WARN_INFINITE_RECURSION = YES;
				CLANG_WARN_INT_CONVERSION = YES;
				CLANG_WARN_NON_LITERAL_NULL_CONVERSION = YES;
				CLANG_WARN_OBJC_IMPLICIT_RETAIN_SELF = YES;
				CLANG_WARN_OBJC_LITERAL_CONVERSION = YES;
				CLANG_WARN_OBJC_ROOT_CLASS = YES_ERROR;
				CLANG_WARN_QUOTED_INCLUDE_IN_FRAMEWORK_HEADER = YES;
				CLANG_WARN_RANGE_LOOP_ANALYSIS = YES;
				CLANG_WARN_STRICT_PROTOTYPES = YES;
				CLANG_WARN_SUSPICIOUS_MOVE = YES;
				CLANG_WARN_UNGUARDED_AVAILABILITY = YES_AGGRESSIVE;
				CLANG_WARN_UNREACHABLE_CODE = YES;
				CLANG_WARN__DUPLICATE_METHOD_MATCH = YES;
				COPY_PHASE_STRIP = NO;
				DEBUG_INFORMATION_FORMAT = "dwarf-with-dsym";
				ENABLE_NS_ASSERTIONS = NO;
				ENABLE_STRICT_OBJC_MSGSEND = YES;
				GCC_C_LANGUAGE_STANDARD = gnu11;
				GCC_NO_COMMON_BLOCKS = YES;
				GCC_WARN_64_TO_32_BIT_CONVERSION = YES;
				GCC_WARN_ABOUT_RETURN_TYPE = YES_ERROR;
				GCC_WARN_UNDECLARED_SELECTOR = YES;
				GCC_WARN_UNINITIALIZED_AUTOS = YES_AGGRESSIVE;
				GCC_WARN_UNUSED_FUNCTION = YES;
				GCC_WARN_UNUSED_VARIABLE = YES;
				IPHONEOS_DEPLOYMENT_TARGET = 16.0;
				MTL_ENABLE_DEBUG_INFO = NO;
				MTL_FAST_MATH = YES;
				SDKROOT = iphoneos;
				SWIFT_COMPILATION_MODE = wholemodule;
				SWIFT_OPTIMIZATION_LEVEL = "-O";
				VALIDATE_PRODUCT = YES;
			};
			name = Release;
		};
		CE1DC09B2B9F296300CF321D /* Debug */ = {
			isa = XCBuildConfiguration;
			baseConfigurationReference = 82E7F9390CB1FE8C5C5FE14B /* Pods-DirectDemo.debug.xcconfig */;
			buildSettings = {
				ASSETCATALOG_COMPILER_APPICON_NAME = AppIcon;
				ASSETCATALOG_COMPILER_GENERATE_SWIFT_ASSET_SYMBOL_EXTENSIONS = YES;
				ASSETCATALOG_COMPILER_GLOBAL_ACCENT_COLOR_NAME = AccentColor;
				CODE_SIGN_ENTITLEMENTS = DirectDemo/DirectDemo.entitlements;
				CODE_SIGN_STYLE = Automatic;
				CURRENT_PROJECT_VERSION = 1;
				DEVELOPMENT_ASSET_PATHS = "\"DirectDemo/Preview Content\"";
				DEVELOPMENT_TEAM = 3NNN3W36ZJ;
				ENABLE_PREVIEWS = YES;
				ENABLE_USER_SCRIPT_SANDBOXING = NO;
				GCC_C_LANGUAGE_STANDARD = gnu17;
				GENERATE_INFOPLIST_FILE = YES;
				INFOPLIST_KEY_CFBundleDisplayName = Direct;
				INFOPLIST_KEY_UIApplicationSceneManifest_Generation = YES;
				INFOPLIST_KEY_UIApplicationSupportsIndirectInputEvents = YES;
				INFOPLIST_KEY_UILaunchScreen_Generation = YES;
				INFOPLIST_KEY_UISupportedInterfaceOrientations_iPad = "UIInterfaceOrientationPortrait UIInterfaceOrientationPortraitUpsideDown UIInterfaceOrientationLandscapeLeft UIInterfaceOrientationLandscapeRight";
				INFOPLIST_KEY_UISupportedInterfaceOrientations_iPhone = "UIInterfaceOrientationPortrait UIInterfaceOrientationLandscapeLeft UIInterfaceOrientationLandscapeRight";
				IPHONEOS_DEPLOYMENT_TARGET = 15.6;
				LD_RUNPATH_SEARCH_PATHS = (
					"$(inherited)",
					"@executable_path/Frameworks",
				);
				LOCALIZATION_PREFERS_STRING_CATALOGS = YES;
				MARKETING_VERSION = 3.8.1;
				PRODUCT_BUNDLE_IDENTIFIER = com.ownid.demo.custom;
				PRODUCT_NAME = "$(TARGET_NAME)";
				SUPPORTED_PLATFORMS = "iphoneos iphonesimulator";
				SUPPORTS_MACCATALYST = NO;
				SUPPORTS_MAC_DESIGNED_FOR_IPHONE_IPAD = NO;
				SUPPORTS_XR_DESIGNED_FOR_IPHONE_IPAD = NO;
				SWIFT_ACTIVE_COMPILATION_CONDITIONS = "DEBUG $(inherited)";
				SWIFT_EMIT_LOC_STRINGS = YES;
				SWIFT_VERSION = 5.0;
				TARGETED_DEVICE_FAMILY = 1;
			};
			name = Debug;
		};
		CE1DC09C2B9F296300CF321D /* Release */ = {
			isa = XCBuildConfiguration;
			baseConfigurationReference = 983E392344AAB311702B3BDE /* Pods-DirectDemo.release.xcconfig */;
			buildSettings = {
				ASSETCATALOG_COMPILER_APPICON_NAME = AppIcon;
				ASSETCATALOG_COMPILER_GENERATE_SWIFT_ASSET_SYMBOL_EXTENSIONS = YES;
				ASSETCATALOG_COMPILER_GLOBAL_ACCENT_COLOR_NAME = AccentColor;
				CODE_SIGN_ENTITLEMENTS = DirectDemo/DirectDemo.entitlements;
				CODE_SIGN_STYLE = Automatic;
				CURRENT_PROJECT_VERSION = 1;
				DEVELOPMENT_ASSET_PATHS = "\"DirectDemo/Preview Content\"";
				DEVELOPMENT_TEAM = 3NNN3W36ZJ;
				ENABLE_PREVIEWS = YES;
				ENABLE_USER_SCRIPT_SANDBOXING = NO;
				GCC_C_LANGUAGE_STANDARD = gnu17;
				GENERATE_INFOPLIST_FILE = YES;
				INFOPLIST_KEY_CFBundleDisplayName = Direct;
				INFOPLIST_KEY_UIApplicationSceneManifest_Generation = YES;
				INFOPLIST_KEY_UIApplicationSupportsIndirectInputEvents = YES;
				INFOPLIST_KEY_UILaunchScreen_Generation = YES;
				INFOPLIST_KEY_UISupportedInterfaceOrientations_iPad = "UIInterfaceOrientationPortrait UIInterfaceOrientationPortraitUpsideDown UIInterfaceOrientationLandscapeLeft UIInterfaceOrientationLandscapeRight";
				INFOPLIST_KEY_UISupportedInterfaceOrientations_iPhone = "UIInterfaceOrientationPortrait UIInterfaceOrientationLandscapeLeft UIInterfaceOrientationLandscapeRight";
				IPHONEOS_DEPLOYMENT_TARGET = 15.6;
				LD_RUNPATH_SEARCH_PATHS = (
					"$(inherited)",
					"@executable_path/Frameworks",
				);
				LOCALIZATION_PREFERS_STRING_CATALOGS = YES;
				MARKETING_VERSION = 3.8.1;
				PRODUCT_BUNDLE_IDENTIFIER = com.ownid.demo.custom;
				PRODUCT_NAME = "$(TARGET_NAME)";
				SUPPORTED_PLATFORMS = "iphoneos iphonesimulator";
				SUPPORTS_MACCATALYST = NO;
				SUPPORTS_MAC_DESIGNED_FOR_IPHONE_IPAD = NO;
				SUPPORTS_XR_DESIGNED_FOR_IPHONE_IPAD = NO;
				SWIFT_EMIT_LOC_STRINGS = YES;
				SWIFT_VERSION = 5.0;
				TARGETED_DEVICE_FAMILY = 1;
			};
			name = Release;
		};
		CEB907D62B4D969500C8966B /* Debug */ = {
			isa = XCBuildConfiguration;
			baseConfigurationReference = 8126AE550F9C3ACD478BC246 /* Pods-IntegrationDemo.debug.xcconfig */;
			buildSettings = {
				ASSETCATALOG_COMPILER_APPICON_NAME = AppIcon;
				ASSETCATALOG_COMPILER_GENERATE_SWIFT_ASSET_SYMBOL_EXTENSIONS = YES;
				ASSETCATALOG_COMPILER_GLOBAL_ACCENT_COLOR_NAME = AccentColor;
				CODE_SIGN_ENTITLEMENTS = IntegrationDemo/IntegrationDemo.entitlements;
				CODE_SIGN_STYLE = Automatic;
				CURRENT_PROJECT_VERSION = 1;
				DEVELOPMENT_ASSET_PATHS = "\"IntegrationDemo/Preview Content\"";
				DEVELOPMENT_TEAM = 3NNN3W36ZJ;
				ENABLE_PREVIEWS = YES;
				ENABLE_USER_SCRIPT_SANDBOXING = NO;
				GCC_C_LANGUAGE_STANDARD = gnu17;
				GENERATE_INFOPLIST_FILE = YES;
				INFOPLIST_KEY_CFBundleDisplayName = Integration;
				INFOPLIST_KEY_UIApplicationSceneManifest_Generation = YES;
				INFOPLIST_KEY_UIApplicationSupportsIndirectInputEvents = YES;
				INFOPLIST_KEY_UILaunchScreen_Generation = YES;
				INFOPLIST_KEY_UISupportedInterfaceOrientations_iPad = "UIInterfaceOrientationPortrait UIInterfaceOrientationPortraitUpsideDown UIInterfaceOrientationLandscapeLeft UIInterfaceOrientationLandscapeRight";
				INFOPLIST_KEY_UISupportedInterfaceOrientations_iPhone = "UIInterfaceOrientationPortrait UIInterfaceOrientationLandscapeLeft UIInterfaceOrientationLandscapeRight";
				IPHONEOS_DEPLOYMENT_TARGET = 15.6;
				LD_RUNPATH_SEARCH_PATHS = (
					"$(inherited)",
					"@executable_path/Frameworks",
				);
				LOCALIZATION_PREFERS_STRING_CATALOGS = YES;
				MARKETING_VERSION = 3.8.1;
				PRODUCT_BUNDLE_IDENTIFIER = com.ownid.demo.custom;
				PRODUCT_NAME = "$(TARGET_NAME)";
				SUPPORTED_PLATFORMS = "iphoneos iphonesimulator";
				SUPPORTS_MACCATALYST = NO;
				SUPPORTS_MAC_DESIGNED_FOR_IPHONE_IPAD = NO;
				SUPPORTS_XR_DESIGNED_FOR_IPHONE_IPAD = NO;
				SWIFT_ACTIVE_COMPILATION_CONDITIONS = "DEBUG $(inherited)";
				SWIFT_EMIT_LOC_STRINGS = YES;
				SWIFT_VERSION = 5.0;
				TARGETED_DEVICE_FAMILY = 1;
			};
			name = Debug;
		};
		CEB907D72B4D969500C8966B /* Release */ = {
			isa = XCBuildConfiguration;
			baseConfigurationReference = 50850180902637421D7D391C /* Pods-IntegrationDemo.release.xcconfig */;
			buildSettings = {
				ASSETCATALOG_COMPILER_APPICON_NAME = AppIcon;
				ASSETCATALOG_COMPILER_GENERATE_SWIFT_ASSET_SYMBOL_EXTENSIONS = YES;
				ASSETCATALOG_COMPILER_GLOBAL_ACCENT_COLOR_NAME = AccentColor;
				CODE_SIGN_ENTITLEMENTS = IntegrationDemo/IntegrationDemo.entitlements;
				CODE_SIGN_STYLE = Automatic;
				CURRENT_PROJECT_VERSION = 1;
				DEVELOPMENT_ASSET_PATHS = "\"IntegrationDemo/Preview Content\"";
				DEVELOPMENT_TEAM = 3NNN3W36ZJ;
				ENABLE_PREVIEWS = YES;
				ENABLE_USER_SCRIPT_SANDBOXING = NO;
				GCC_C_LANGUAGE_STANDARD = gnu17;
				GENERATE_INFOPLIST_FILE = YES;
				INFOPLIST_KEY_CFBundleDisplayName = Integration;
				INFOPLIST_KEY_UIApplicationSceneManifest_Generation = YES;
				INFOPLIST_KEY_UIApplicationSupportsIndirectInputEvents = YES;
				INFOPLIST_KEY_UILaunchScreen_Generation = YES;
				INFOPLIST_KEY_UISupportedInterfaceOrientations_iPad = "UIInterfaceOrientationPortrait UIInterfaceOrientationPortraitUpsideDown UIInterfaceOrientationLandscapeLeft UIInterfaceOrientationLandscapeRight";
				INFOPLIST_KEY_UISupportedInterfaceOrientations_iPhone = "UIInterfaceOrientationPortrait UIInterfaceOrientationLandscapeLeft UIInterfaceOrientationLandscapeRight";
				IPHONEOS_DEPLOYMENT_TARGET = 15.6;
				LD_RUNPATH_SEARCH_PATHS = (
					"$(inherited)",
					"@executable_path/Frameworks",
				);
				LOCALIZATION_PREFERS_STRING_CATALOGS = YES;
				MARKETING_VERSION = 3.8.1;
				PRODUCT_BUNDLE_IDENTIFIER = com.ownid.demo.custom;
				PRODUCT_NAME = "$(TARGET_NAME)";
				SUPPORTED_PLATFORMS = "iphoneos iphonesimulator";
				SUPPORTS_MACCATALYST = NO;
				SUPPORTS_MAC_DESIGNED_FOR_IPHONE_IPAD = NO;
				SUPPORTS_XR_DESIGNED_FOR_IPHONE_IPAD = NO;
				SWIFT_EMIT_LOC_STRINGS = YES;
				SWIFT_VERSION = 5.0;
				TARGETED_DEVICE_FAMILY = 1;
			};
			name = Release;
		};
/* End XCBuildConfiguration section */

/* Begin XCConfigurationList section */
		161C4765290AE9500014D737 /* Build configuration list for PBXNativeTarget "ScreensetsDemo" */ = {
			isa = XCConfigurationList;
			buildConfigurations = (
				161C4766290AE9500014D737 /* Debug */,
				161C4767290AE9500014D737 /* Release */,
			);
			defaultConfigurationIsVisible = 0;
			defaultConfigurationName = Release;
		};
		1662AD71291048DC0071894C /* Build configuration list for PBXNativeTarget "UIKitInjectionDemo" */ = {
			isa = XCConfigurationList;
			buildConfigurations = (
				1662AD72291048DC0071894C /* Debug */,
				1662AD73291048DC0071894C /* Release */,
			);
			defaultConfigurationIsVisible = 0;
			defaultConfigurationName = Release;
		};
		16E2D836290B019D00AF28E4 /* Build configuration list for PBXNativeTarget "GigyaDemo" */ = {
			isa = XCConfigurationList;
			buildConfigurations = (
				16E2D834290B019D00AF28E4 /* Debug */,
				16E2D835290B019D00AF28E4 /* Release */,
			);
			defaultConfigurationIsVisible = 0;
			defaultConfigurationName = Release;
		};
		16FBF25C290A8E0800148C8C /* Build configuration list for PBXProject "Demo" */ = {
			isa = XCConfigurationList;
			buildConfigurations = (
				16FBF26D290A8E0900148C8C /* Debug */,
				16FBF26E290A8E0900148C8C /* Release */,
			);
			defaultConfigurationIsVisible = 0;
			defaultConfigurationName = Release;
		};
		CE1DC09D2B9F296300CF321D /* Build configuration list for PBXNativeTarget "DirectDemo" */ = {
			isa = XCConfigurationList;
			buildConfigurations = (
				CE1DC09B2B9F296300CF321D /* Debug */,
				CE1DC09C2B9F296300CF321D /* Release */,
			);
			defaultConfigurationIsVisible = 0;
			defaultConfigurationName = Release;
		};
		CEB907D82B4D969600C8966B /* Build configuration list for PBXNativeTarget "IntegrationDemo" */ = {
			isa = XCConfigurationList;
			buildConfigurations = (
				CEB907D62B4D969500C8966B /* Debug */,
				CEB907D72B4D969500C8966B /* Release */,
			);
			defaultConfigurationIsVisible = 0;
			defaultConfigurationName = Release;
		};
/* End XCConfigurationList section */
	};
	rootObject = 16FBF259290A8E0800148C8C /* Project object */;
}
