PODS:
  - AppAuth (2.1.0):
    - AppAuth/Core (= 2.1.0)
    - AppAuth/ExternalUserAgent (= 2.1.0)
  - AppAuth/Core (2.1.0)
  - AppAuth/ExternalUserAgent (2.1.0):
    - AppAuth/Core
  - AppCheckCore (11.3.0):
    - GoogleUtilities/Environment (~> 8.0)
    - GoogleUtilities/UserDefaults (~> 8.0)
    - PromisesObjC (~> 2.4)
    - PromisesSwift (~> 2.4)
    - RecaptchaInterop (~> 101.0)
  - Gigya (1.8.5)
  - GoogleSignIn (9.1.0):
    - AppAuth (~> 2.0)
    - AppCheckCore (~> 11.0)
    - GTMAppAuth (~> 5.0)
    - GTMSessionFetcher/Core (~> 3.3)
  - GoogleSignInSwiftSupport (9.1.0):
    - GoogleSignIn (~> 9.0)
  - GoogleUtilities/Environment (8.1.1):
    - GoogleUtilities/Privacy
  - GoogleUtilities/Logger (8.1.1):
    - GoogleUtilities/Environment
    - GoogleUtilities/Privacy
  - GoogleUtilities/Privacy (8.1.1)
  - GoogleUtilities/UserDefaults (8.1.1):
    - GoogleUtilities/Logger
    - GoogleUtilities/Privacy
  - GTMAppAuth (5.0.0):
    - AppAuth/Core (~> 2.0)
    - GTMSessionFetcher/Core (< 4.0, >= 3.3)
  - GTMSessionFetcher/Core (3.5.0)
  - ownid-core-ios-sdk (3.10.0)
  - ownid-gigya-ios-sdk (3.10.0):
    - Gigya (>= 1.7.5)
    - ownid-core-ios-sdk (= 3.10.0)
  - PromisesObjC (2.4.1)
  - PromisesSwift (2.4.1):
    - PromisesObjC (= 2.4.1)
  - RecaptchaInterop (101.0.0)

DEPENDENCIES:
  - GoogleSignIn
  - GoogleSignInSwiftSupport
  - ownid-core-ios-sdk (from `https://github.com/OwnID/ownid-ios-sdk.git`, tag `3.10.0`)
  - ownid-gigya-ios-sdk (from `https://github.com/OwnID/ownid-ios-sdk.git`, tag `3.10.0`)

SPEC REPOS:
  trunk:
    - AppAuth
    - AppCheckCore
    - Gigya
    - GoogleSignIn
    - GoogleSignInSwiftSupport
    - GoogleUtilities
    - GTMAppAuth
    - GTMSessionFetcher
    - PromisesObjC
    - PromisesSwift
    - RecaptchaInterop

EXTERNAL SOURCES:
  ownid-core-ios-sdk:
    :git: https://github.com/OwnID/ownid-ios-sdk.git
    :tag: 3.10.0
  ownid-gigya-ios-sdk:
    :git: https://github.com/OwnID/ownid-ios-sdk.git
    :tag: 3.10.0

CHECKOUT OPTIONS:
  ownid-core-ios-sdk:
    :git: https://github.com/OwnID/ownid-ios-sdk.git
    :tag: 3.10.0
  ownid-gigya-ios-sdk:
    :git: https://github.com/OwnID/ownid-ios-sdk.git
    :tag: 3.10.0

SPEC CHECKSUMS:
  AppAuth: ef4da5a3fc2e10b90c09a0a94a9baeaedc0341d5
  AppCheckCore: 214137f5c378d1dec88a68425c467fe65aaff637
  Gigya: 7eb9cd295289a813804072f7848ffb9188ced0a8
  GoogleSignIn: fcee2257188d5eda57a5e2b6a715550ffff9206d
  GoogleSignInSwiftSupport: aca902e4e15b234611ecac74ef5c8f61278f774e
  GoogleUtilities: 4f2618a4a1e762a1ee134a1e2323bba9843e06da
  GTMAppAuth: 217a876b249c3c585a54fd6f73e6b58c4f5c4238
  GTMSessionFetcher: 5aea5ba6bd522a239e236100971f10cb71b96ab6
  ownid-core-ios-sdk: 9c36f48c16ddad3f72764da0e662f5581bd04a87
  ownid-gigya-ios-sdk: 1fc5c7be9a7633f42667a522aa76cc72d7d79922
  PromisesObjC: 752c3227f599e3467650e47ea36f433eeb10c273
  PromisesSwift: 217dea0fd5d2ad65222a109c48698add13cc1c5b
  RecaptchaInterop: 11e0b637842dfb48308d242afc3f448062325aba

PODFILE CHECKSUM: 3de5717a894b194b5ec83b04d18d8ef523576f63

COCOAPODS: 1.16.2
